Microsoft Visual Studio Solution File, Format Version 8.00
Project("{8BC9CEB8-8B4A-11D0-8D11-00A0C91BC942}") = "DecodeReport", "DecodeReport\DecodeReport.vcproj", "{ACF56ADD-731E-461D-AA19-94CBB7EB5167}"
	ProjectSection(ProjectDependencies) = postProject
		{E5BAE570-53EE-4BA6-9A21-C15E26D2A234} = {E5BAE570-53EE-4BA6-9A21-C15E26D2A234}
	EndProjectSection
EndProject
Project("{8BC9CEB8-8B4A-11D0-8D11-00A0C91BC942}") = "DedicatedServer", "DedicatedServer\DedicatedServer.vcproj", "{3824F3A6-F15F-4453-AA76-C2C4F60EB463}"
	ProjectSection(ProjectDependencies) = postProject
		{CFC0FA00-C8BB-4155-A34C-F507B8ADDF71} = {CFC0FA00-C8BB-4155-A34C-F507B8ADDF71}
		{B618C741-B819-45C3-8BD2-6A82E4A9F662} = {B618C741-B819-45C3-8BD2-6A82E4A9F662}
		{E5BAE570-53EE-4BA6-9A21-C15E26D2A234} = {E5BAE570-53EE-4BA6-9A21-C15E26D2A234}
	EndProjectSection
EndProject
Project("{8BC9CEB8-8B4A-11D0-8D11-00A0C91BC942}") = "Ecc", "Ecc\Ecc.vcproj", "{157FF7B3-DF9B-4426-9C2F-51D8D93A9B6A}"
	ProjectSection(ProjectDependencies) = postProject
	EndProjectSection
EndProject
Project("{8BC9CEB8-8B4A-11D0-8D11-00A0C91BC942}") = "Engine", "Engine\Engine.vcproj", "{E5BAE570-53EE-4BA6-9A21-C15E26D2A234}"
	ProjectSection(ProjectDependencies) = postProject
		{157FF7B3-DF9B-4426-9C2F-51D8D93A9B6A} = {157FF7B3-DF9B-4426-9C2F-51D8D93A9B6A}
	EndProjectSection
EndProject
Project("{8BC9CEB8-8B4A-11D0-8D11-00A0C91BC942}") = "EngineGUI", "EngineGUI\EngineGUI.vcproj", "{AA30D95E-8F5A-4C1F-9D5D-FE23043BB62A}"
	ProjectSection(ProjectDependencies) = postProject
		{E5BAE570-53EE-4BA6-9A21-C15E26D2A234} = {E5BAE570-53EE-4BA6-9A21-C15E26D2A234}
	EndProjectSection
EndProject
Project("{8BC9CEB8-8B4A-11D0-8D11-00A0C91BC942}") = "EntitiesMP", "EntitiesMP\EntitiesMP.vcproj", "{CFC0FA00-C8BB-4155-A34C-F507B8ADDF71}"
	ProjectSection(ProjectDependencies) = postProject
		{E5BAE570-53EE-4BA6-9A21-C15E26D2A234} = {E5BAE570-53EE-4BA6-9A21-C15E26D2A234}
		{157FF7B3-DF9B-4426-9C2F-51D8D93A9B6A} = {157FF7B3-DF9B-4426-9C2F-51D8D93A9B6A}
	EndProjectSection
EndProject
Project("{8BC9CEB8-8B4A-11D0-8D11-00A0C91BC942}") = "FontGen", "FontGen\FontGen.vcproj", "{3C5E30CB-CD3E-468B-B4D2-A617F8E6CD6B}"
	ProjectSection(ProjectDependencies) = postProject
		{AA30D95E-8F5A-4C1F-9D5D-FE23043BB62A} = {AA30D95E-8F5A-4C1F-9D5D-FE23043BB62A}
		{E5BAE570-53EE-4BA6-9A21-C15E26D2A234} = {E5BAE570-53EE-4BA6-9A21-C15E26D2A234}
	EndProjectSection
EndProject
Project("{8BC9CEB8-8B4A-11D0-8D11-00A0C91BC942}") = "GameGUIMP", "GameGUIMP\GameGUIMP.vcproj", "{35D1CF74-DA86-44A8-8D74-78A50EF65097}"
	ProjectSection(ProjectDependencies) = postProject
		{B618C741-B819-45C3-8BD2-6A82E4A9F662} = {B618C741-B819-45C3-8BD2-6A82E4A9F662}
		{AA30D95E-8F5A-4C1F-9D5D-FE23043BB62A} = {AA30D95E-8F5A-4C1F-9D5D-FE23043BB62A}
		{E5BAE570-53EE-4BA6-9A21-C15E26D2A234} = {E5BAE570-53EE-4BA6-9A21-C15E26D2A234}
	EndProjectSection
EndProject
Project("{8BC9CEB8-8B4A-11D0-8D11-00A0C91BC942}") = "GameMP", "GameMP\GameMP.vcproj", "{B618C741-B819-45C3-8BD2-6A82E4A9F662}"
	ProjectSection(ProjectDependencies) = postProject
		{CFC0FA00-C8BB-4155-A34C-F507B8ADDF71} = {CFC0FA00-C8BB-4155-A34C-F507B8ADDF71}
		{E5BAE570-53EE-4BA6-9A21-C15E26D2A234} = {E5BAE570-53EE-4BA6-9A21-C15E26D2A234}
	EndProjectSection
EndProject
Project("{8BC9CEB8-8B4A-11D0-8D11-00A0C91BC942}") = "LWSkaExporter", "LWSkaExporter\LWSkaExporter.vcproj", "{72783131-DD87-4EA6-9564-0B9343B1B80A}"
	ProjectSection(ProjectDependencies) = postProject
	EndProjectSection
EndProject
Project("{8BC9CEB8-8B4A-11D0-8D11-00A0C91BC942}") = "MakeFONT", "MakeFONT\MakeFONT.vcproj", "{B7B7704C-43EF-45E1-887C-69CF9D929BD9}"
	ProjectSection(ProjectDependencies) = postProject
		{E5BAE570-53EE-4BA6-9A21-C15E26D2A234} = {E5BAE570-53EE-4BA6-9A21-C15E26D2A234}
	EndProjectSection
EndProject
Project("{8BC9CEB8-8B4A-11D0-8D11-00A0C91BC942}") = "Modeler", "Modeler\Modeler.vcproj", "{17333579-9E8D-4EDA-9D11-8CF9FFBA4116}"
	ProjectSection(ProjectDependencies) = postProject
		{AA30D95E-8F5A-4C1F-9D5D-FE23043BB62A} = {AA30D95E-8F5A-4C1F-9D5D-FE23043BB62A}
		{E5BAE570-53EE-4BA6-9A21-C15E26D2A234} = {E5BAE570-53EE-4BA6-9A21-C15E26D2A234}
	EndProjectSection
EndProject
Project("{8BC9CEB8-8B4A-11D0-8D11-00A0C91BC942}") = "Nksp", "Nksp\Nksp.vcproj", "{AC7C52AA-1E53-4245-AF37-264A04B1F232}"
	ProjectSection(ProjectDependencies) = postProject
		{CFC0FA00-C8BB-4155-A34C-F507B8ADDF71} = {CFC0FA00-C8BB-4155-A34C-F507B8ADDF71}
		{422E180D-6B50-4E0B-8D07-298BF014A49F} = {422E180D-6B50-4E0B-8D07-298BF014A49F}
		{B618C741-B819-45C3-8BD2-6A82E4A9F662} = {B618C741-B819-45C3-8BD2-6A82E4A9F662}
		{AA30D95E-8F5A-4C1F-9D5D-FE23043BB62A} = {AA30D95E-8F5A-4C1F-9D5D-FE23043BB62A}
		{E5BAE570-53EE-4BA6-9A21-C15E26D2A234} = {E5BAE570-53EE-4BA6-9A21-C15E26D2A234}
		{35D1CF74-DA86-44A8-8D74-78A50EF65097} = {35D1CF74-DA86-44A8-8D74-78A50EF65097}
	EndProjectSection
EndProject
Project("{8BC9CEB8-8B4A-11D0-8D11-00A0C91BC942}") = "PersistentSymbolTool", "PersistentSymbolTool\PersistentSymbolTool.vcproj", "{60C55E32-8784-439E-AB49-F305041570ED}"
	ProjectSection(ProjectDependencies) = postProject
	EndProjectSection
EndProject
Project("{8BC9CEB8-8B4A-11D0-8D11-00A0C91BC942}") = "SeriousSkaStudio", "SeriousSkaStudio\SeriousSkaStudio.vcproj", "{24B1A1A3-9897-4E21-A6AF-ABDE30F2B371}"
	ProjectSection(ProjectDependencies) = postProject
		{422E180D-6B50-4E0B-8D07-298BF014A49F} = {422E180D-6B50-4E0B-8D07-298BF014A49F}
		{AA30D95E-8F5A-4C1F-9D5D-FE23043BB62A} = {AA30D95E-8F5A-4C1F-9D5D-FE23043BB62A}
		{E5BAE570-53EE-4BA6-9A21-C15E26D2A234} = {E5BAE570-53EE-4BA6-9A21-C15E26D2A234}
	EndProjectSection
EndProject
Project("{8BC9CEB8-8B4A-11D0-8D11-00A0C91BC942}") = "Shaders", "Shaders\Shaders.vcproj", "{422E180D-6B50-4E0B-8D07-298BF014A49F}"
	ProjectSection(ProjectDependencies) = postProject
		{E5BAE570-53EE-4BA6-9A21-C15E26D2A234} = {E5BAE570-53EE-4BA6-9A21-C15E26D2A234}
	EndProjectSection
EndProject
Project("{8BC9CEB8-8B4A-11D0-8D11-00A0C91BC942}") = "WorldEditor", "WorldEditor\WorldEditor.vcproj", "{111CF7CD-EA6F-4CF0-A34B-3A0A1219A345}"
	ProjectSection(ProjectDependencies) = postProject
		{CFC0FA00-C8BB-4155-A34C-F507B8ADDF71} = {CFC0FA00-C8BB-4155-A34C-F507B8ADDF71}
		{422E180D-6B50-4E0B-8D07-298BF014A49F} = {422E180D-6B50-4E0B-8D07-298BF014A49F}
		{AA30D95E-8F5A-4C1F-9D5D-FE23043BB62A} = {AA30D95E-8F5A-4C1F-9D5D-FE23043BB62A}
		{E5BAE570-53EE-4BA6-9A21-C15E26D2A234} = {E5BAE570-53EE-4BA6-9A21-C15E26D2A234}
		{35D1CF74-DA86-44A8-8D74-78A50EF65097} = {35D1CF74-DA86-44A8-8D74-78A50EF65097}
	EndProjectSection
EndProject
Global
	GlobalSection(SolutionConfiguration) = preSolution
		Debug = Debug
		FinalDebug = FinalDebug
		FinalRelease = FinalRelease
		Release = Release
	EndGlobalSection
	GlobalSection(ProjectConfiguration) = postSolution
		{ACF56ADD-731E-461D-AA19-94CBB7EB5167}.Debug.ActiveCfg = Debug|Win32
		{ACF56ADD-731E-461D-AA19-94CBB7EB5167}.Debug.Build.0 = Debug|Win32
		{ACF56ADD-731E-461D-AA19-94CBB7EB5167}.FinalDebug.ActiveCfg = Debug|Win32
		{ACF56ADD-731E-461D-AA19-94CBB7EB5167}.FinalDebug.Build.0 = Debug|Win32
		{ACF56ADD-731E-461D-AA19-94CBB7EB5167}.FinalRelease.ActiveCfg = Release|Win32
		{ACF56ADD-731E-461D-AA19-94CBB7EB5167}.FinalRelease.Build.0 = Release|Win32
		{ACF56ADD-731E-461D-AA19-94CBB7EB5167}.Release.ActiveCfg = Release|Win32
		{ACF56ADD-731E-461D-AA19-94CBB7EB5167}.Release.Build.0 = Release|Win32
		{3824F3A6-F15F-4453-AA76-C2C4F60EB463}.Debug.ActiveCfg = Debug|Win32
		{3824F3A6-F15F-4453-AA76-C2C4F60EB463}.Debug.Build.0 = Debug|Win32
		{3824F3A6-F15F-4453-AA76-C2C4F60EB463}.FinalDebug.ActiveCfg = Debug|Win32
		{3824F3A6-F15F-4453-AA76-C2C4F60EB463}.FinalDebug.Build.0 = Debug|Win32
		{3824F3A6-F15F-4453-AA76-C2C4F60EB463}.FinalRelease.ActiveCfg = Release|Win32
		{3824F3A6-F15F-4453-AA76-C2C4F60EB463}.FinalRelease.Build.0 = Release|Win32
		{3824F3A6-F15F-4453-AA76-C2C4F60EB463}.Release.ActiveCfg = Release|Win32
		{3824F3A6-F15F-4453-AA76-C2C4F60EB463}.Release.Build.0 = Release|Win32
		{157FF7B3-DF9B-4426-9C2F-51D8D93A9B6A}.Debug.ActiveCfg = Debug|Win32
		{157FF7B3-DF9B-4426-9C2F-51D8D93A9B6A}.Debug.Build.0 = Debug|Win32
		{157FF7B3-DF9B-4426-9C2F-51D8D93A9B6A}.FinalDebug.ActiveCfg = Debug|Win32
		{157FF7B3-DF9B-4426-9C2F-51D8D93A9B6A}.FinalDebug.Build.0 = Debug|Win32
		{157FF7B3-DF9B-4426-9C2F-51D8D93A9B6A}.FinalRelease.ActiveCfg = Release|Win32
		{157FF7B3-DF9B-4426-9C2F-51D8D93A9B6A}.FinalRelease.Build.0 = Release|Win32
		{157FF7B3-DF9B-4426-9C2F-51D8D93A9B6A}.Release.ActiveCfg = Release|Win32
		{157FF7B3-DF9B-4426-9C2F-51D8D93A9B6A}.Release.Build.0 = Release|Win32
		{E5BAE570-53EE-4BA6-9A21-C15E26D2A234}.Debug.ActiveCfg = Debug|Win32
		{E5BAE570-53EE-4BA6-9A21-C15E26D2A234}.Debug.Build.0 = Debug|Win32
		{E5BAE570-53EE-4BA6-9A21-C15E26D2A234}.FinalDebug.ActiveCfg = FinalDebug|Win32
		{E5BAE570-53EE-4BA6-9A21-C15E26D2A234}.FinalDebug.Build.0 = FinalDebug|Win32
		{E5BAE570-53EE-4BA6-9A21-C15E26D2A234}.FinalRelease.ActiveCfg = FinalRelease|Win32
		{E5BAE570-53EE-4BA6-9A21-C15E26D2A234}.FinalRelease.Build.0 = FinalRelease|Win32
		{E5BAE570-53EE-4BA6-9A21-C15E26D2A234}.Release.ActiveCfg = Release|Win32
		{E5BAE570-53EE-4BA6-9A21-C15E26D2A234}.Release.Build.0 = Release|Win32
		{AA30D95E-8F5A-4C1F-9D5D-FE23043BB62A}.Debug.ActiveCfg = Debug|Win32
		{AA30D95E-8F5A-4C1F-9D5D-FE23043BB62A}.Debug.Build.0 = Debug|Win32
		{AA30D95E-8F5A-4C1F-9D5D-FE23043BB62A}.FinalDebug.ActiveCfg = FinalDebug|Win32
		{AA30D95E-8F5A-4C1F-9D5D-FE23043BB62A}.FinalDebug.Build.0 = FinalDebug|Win32
		{AA30D95E-8F5A-4C1F-9D5D-FE23043BB62A}.FinalRelease.ActiveCfg = FinalRelease|Win32
		{AA30D95E-8F5A-4C1F-9D5D-FE23043BB62A}.FinalRelease.Build.0 = FinalRelease|Win32
		{AA30D95E-8F5A-4C1F-9D5D-FE23043BB62A}.Release.ActiveCfg = Release|Win32
		{AA30D95E-8F5A-4C1F-9D5D-FE23043BB62A}.Release.Build.0 = Release|Win32
		{CFC0FA00-C8BB-4155-A34C-F507B8ADDF71}.Debug.ActiveCfg = Debug|Win32
		{CFC0FA00-C8BB-4155-A34C-F507B8ADDF71}.Debug.Build.0 = Debug|Win32
		{CFC0FA00-C8BB-4155-A34C-F507B8ADDF71}.FinalDebug.ActiveCfg = FinalDebug|Win32
		{CFC0FA00-C8BB-4155-A34C-F507B8ADDF71}.FinalDebug.Build.0 = FinalDebug|Win32
		{CFC0FA00-C8BB-4155-A34C-F507B8ADDF71}.FinalRelease.ActiveCfg = FinalRelease|Win32
		{CFC0FA00-C8BB-4155-A34C-F507B8ADDF71}.FinalRelease.Build.0 = FinalRelease|Win32
		{CFC0FA00-C8BB-4155-A34C-F507B8ADDF71}.Release.ActiveCfg = Release|Win32
		{CFC0FA00-C8BB-4155-A34C-F507B8ADDF71}.Release.Build.0 = Release|Win32
		{3C5E30CB-CD3E-468B-B4D2-A617F8E6CD6B}.Debug.ActiveCfg = Debug|Win32
		{3C5E30CB-CD3E-468B-B4D2-A617F8E6CD6B}.Debug.Build.0 = Debug|Win32
		{3C5E30CB-CD3E-468B-B4D2-A617F8E6CD6B}.FinalDebug.ActiveCfg = Debug|Win32
		{3C5E30CB-CD3E-468B-B4D2-A617F8E6CD6B}.FinalDebug.Build.0 = Debug|Win32
		{3C5E30CB-CD3E-468B-B4D2-A617F8E6CD6B}.FinalRelease.ActiveCfg = Release|Win32
		{3C5E30CB-CD3E-468B-B4D2-A617F8E6CD6B}.FinalRelease.Build.0 = Release|Win32
		{3C5E30CB-CD3E-468B-B4D2-A617F8E6CD6B}.Release.ActiveCfg = Release|Win32
		{3C5E30CB-CD3E-468B-B4D2-A617F8E6CD6B}.Release.Build.0 = Release|Win32
		{35D1CF74-DA86-44A8-8D74-78A50EF65097}.Debug.ActiveCfg = Debug|Win32
		{35D1CF74-DA86-44A8-8D74-78A50EF65097}.Debug.Build.0 = Debug|Win32
		{35D1CF74-DA86-44A8-8D74-78A50EF65097}.FinalDebug.ActiveCfg = FinalDebug|Win32
		{35D1CF74-DA86-44A8-8D74-78A50EF65097}.FinalDebug.Build.0 = FinalDebug|Win32
		{35D1CF74-DA86-44A8-8D74-78A50EF65097}.FinalRelease.ActiveCfg = FinalRelease|Win32
		{35D1CF74-DA86-44A8-8D74-78A50EF65097}.FinalRelease.Build.0 = FinalRelease|Win32
		{35D1CF74-DA86-44A8-8D74-78A50EF65097}.Release.ActiveCfg = Release|Win32
		{35D1CF74-DA86-44A8-8D74-78A50EF65097}.Release.Build.0 = Release|Win32
		{B618C741-B819-45C3-8BD2-6A82E4A9F662}.Debug.ActiveCfg = Debug|Win32
		{B618C741-B819-45C3-8BD2-6A82E4A9F662}.Debug.Build.0 = Debug|Win32
		{B618C741-B819-45C3-8BD2-6A82E4A9F662}.FinalDebug.ActiveCfg = FinalDebug|Win32
		{B618C741-B819-45C3-8BD2-6A82E4A9F662}.FinalDebug.Build.0 = FinalDebug|Win32
		{B618C741-B819-45C3-8BD2-6A82E4A9F662}.FinalRelease.ActiveCfg = FinalRelease|Win32
		{B618C741-B819-45C3-8BD2-6A82E4A9F662}.FinalRelease.Build.0 = FinalRelease|Win32
		{B618C741-B819-45C3-8BD2-6A82E4A9F662}.Release.ActiveCfg = Release|Win32
		{B618C741-B819-45C3-8BD2-6A82E4A9F662}.Release.Build.0 = Release|Win32
		{72783131-DD87-4EA6-9564-0B9343B1B80A}.Debug.ActiveCfg = Debug|Win32
		{72783131-DD87-4EA6-9564-0B9343B1B80A}.Debug.Build.0 = Debug|Win32
		{72783131-DD87-4EA6-9564-0B9343B1B80A}.FinalDebug.ActiveCfg = Debug|Win32
		{72783131-DD87-4EA6-9564-0B9343B1B80A}.FinalDebug.Build.0 = Debug|Win32
		{72783131-DD87-4EA6-9564-0B9343B1B80A}.FinalRelease.ActiveCfg = Release|Win32
		{72783131-DD87-4EA6-9564-0B9343B1B80A}.FinalRelease.Build.0 = Release|Win32
		{72783131-DD87-4EA6-9564-0B9343B1B80A}.Release.ActiveCfg = Release|Win32
		{72783131-DD87-4EA6-9564-0B9343B1B80A}.Release.Build.0 = Release|Win32
		{B7B7704C-43EF-45E1-887C-69CF9D929BD9}.Debug.ActiveCfg = Debug|Win32
		{B7B7704C-43EF-45E1-887C-69CF9D929BD9}.Debug.Build.0 = Debug|Win32
		{B7B7704C-43EF-45E1-887C-69CF9D929BD9}.FinalDebug.ActiveCfg = Debug|Win32
		{B7B7704C-43EF-45E1-887C-69CF9D929BD9}.FinalDebug.Build.0 = Debug|Win32
		{B7B7704C-43EF-45E1-887C-69CF9D929BD9}.FinalRelease.ActiveCfg = Release|Win32
		{B7B7704C-43EF-45E1-887C-69CF9D929BD9}.FinalRelease.Build.0 = Release|Win32
		{B7B7704C-43EF-45E1-887C-69CF9D929BD9}.Release.ActiveCfg = Release|Win32
		{B7B7704C-43EF-45E1-887C-69CF9D929BD9}.Release.Build.0 = Release|Win32
		{17333579-9E8D-4EDA-9D11-8CF9FFBA4116}.Debug.ActiveCfg = Debug|Win32
		{17333579-9E8D-4EDA-9D11-8CF9FFBA4116}.Debug.Build.0 = Debug|Win32
		{17333579-9E8D-4EDA-9D11-8CF9FFBA4116}.FinalDebug.ActiveCfg = Debug|Win32
		{17333579-9E8D-4EDA-9D11-8CF9FFBA4116}.FinalDebug.Build.0 = Debug|Win32
		{17333579-9E8D-4EDA-9D11-8CF9FFBA4116}.FinalRelease.ActiveCfg = Release|Win32
		{17333579-9E8D-4EDA-9D11-8CF9FFBA4116}.FinalRelease.Build.0 = Release|Win32
		{17333579-9E8D-4EDA-9D11-8CF9FFBA4116}.Release.ActiveCfg = Release|Win32
		{17333579-9E8D-4EDA-9D11-8CF9FFBA4116}.Release.Build.0 = Release|Win32
		{AC7C52AA-1E53-4245-AF37-264A04B1F232}.Debug.ActiveCfg = Debug|Win32
		{AC7C52AA-1E53-4245-AF37-264A04B1F232}.Debug.Build.0 = Debug|Win32
		{AC7C52AA-1E53-4245-AF37-264A04B1F232}.FinalDebug.ActiveCfg = FinalDebug|Win32
		{AC7C52AA-1E53-4245-AF37-264A04B1F232}.FinalDebug.Build.0 = FinalDebug|Win32
		{AC7C52AA-1E53-4245-AF37-264A04B1F232}.FinalRelease.ActiveCfg = FinalRelease|Win32
		{AC7C52AA-1E53-4245-AF37-264A04B1F232}.FinalRelease.Build.0 = FinalRelease|Win32
		{AC7C52AA-1E53-4245-AF37-264A04B1F232}.Release.ActiveCfg = Release|Win32
		{AC7C52AA-1E53-4245-AF37-264A04B1F232}.Release.Build.0 = Release|Win32
		{60C55E32-8784-439E-AB49-F305041570ED}.Debug.ActiveCfg = Debug|Win32
		{60C55E32-8784-439E-AB49-F305041570ED}.Debug.Build.0 = Debug|Win32
		{60C55E32-8784-439E-AB49-F305041570ED}.FinalDebug.ActiveCfg = Debug|Win32
		{60C55E32-8784-439E-AB49-F305041570ED}.FinalDebug.Build.0 = Debug|Win32
		{60C55E32-8784-439E-AB49-F305041570ED}.FinalRelease.ActiveCfg = Release|Win32
		{60C55E32-8784-439E-AB49-F305041570ED}.FinalRelease.Build.0 = Release|Win32
		{60C55E32-8784-439E-AB49-F305041570ED}.Release.ActiveCfg = Release|Win32
		{60C55E32-8784-439E-AB49-F305041570ED}.Release.Build.0 = Release|Win32
		{24B1A1A3-9897-4E21-A6AF-ABDE30F2B371}.Debug.ActiveCfg = Debug|Win32
		{24B1A1A3-9897-4E21-A6AF-ABDE30F2B371}.Debug.Build.0 = Debug|Win32
		{24B1A1A3-9897-4E21-A6AF-ABDE30F2B371}.FinalDebug.ActiveCfg = Debug|Win32
		{24B1A1A3-9897-4E21-A6AF-ABDE30F2B371}.FinalDebug.Build.0 = Debug|Win32
		{24B1A1A3-9897-4E21-A6AF-ABDE30F2B371}.FinalRelease.ActiveCfg = Release|Win32
		{24B1A1A3-9897-4E21-A6AF-ABDE30F2B371}.FinalRelease.Build.0 = Release|Win32
		{24B1A1A3-9897-4E21-A6AF-ABDE30F2B371}.Release.ActiveCfg = Release|Win32
		{24B1A1A3-9897-4E21-A6AF-ABDE30F2B371}.Release.Build.0 = Release|Win32
		{422E180D-6B50-4E0B-8D07-298BF014A49F}.Debug.ActiveCfg = Debug|Win32
		{422E180D-6B50-4E0B-8D07-298BF014A49F}.Debug.Build.0 = Debug|Win32
		{422E180D-6B50-4E0B-8D07-298BF014A49F}.FinalDebug.ActiveCfg = FinalDebug|Win32
		{422E180D-6B50-4E0B-8D07-298BF014A49F}.FinalDebug.Build.0 = FinalDebug|Win32
		{422E180D-6B50-4E0B-8D07-298BF014A49F}.FinalRelease.ActiveCfg = FinalRelease|Win32
		{422E180D-6B50-4E0B-8D07-298BF014A49F}.FinalRelease.Build.0 = FinalRelease|Win32
		{422E180D-6B50-4E0B-8D07-298BF014A49F}.Release.ActiveCfg = Release|Win32
		{422E180D-6B50-4E0B-8D07-298BF014A49F}.Release.Build.0 = Release|Win32
		{111CF7CD-EA6F-4CF0-A34B-3A0A1219A345}.Debug.ActiveCfg = Debug|Win32
		{111CF7CD-EA6F-4CF0-A34B-3A0A1219A345}.Debug.Build.0 = Debug|Win32
		{111CF7CD-EA6F-4CF0-A34B-3A0A1219A345}.FinalDebug.ActiveCfg = Debug|Win32
		{111CF7CD-EA6F-4CF0-A34B-3A0A1219A345}.FinalDebug.Build.0 = Debug|Win32
		{111CF7CD-EA6F-4CF0-A34B-3A0A1219A345}.FinalRelease.ActiveCfg = Release|Win32
		{111CF7CD-EA6F-4CF0-A34B-3A0A1219A345}.FinalRelease.Build.0 = Release|Win32
		{111CF7CD-EA6F-4CF0-A34B-3A0A1219A345}.Release.ActiveCfg = Release|Win32
		{111CF7CD-EA6F-4CF0-A34B-3A0A1219A345}.Release.Build.0 = Release|Win32
	EndGlobalSection
	GlobalSection(ExtensibilityGlobals) = postSolution
	EndGlobalSection
	GlobalSection(ExtensibilityAddIns) = postSolution
	EndGlobalSection
EndGlobal
