
Microsoft Visual Studio Solution File, Format Version 11.00
# Visual Studio 2010
Project("{8BC9CEB8-8B4A-11D0-8D11-00A0C91BC942}") = "Engine", "Engine\Engine_2010.vcxproj", "{5352EE55-8AB6-CCB3-9E1D-DE82BCCC044C}"
EndProject
Project("{8BC9CEB8-8B4A-11D0-8D11-00A0C91BC942}") = "EngineGUI", "EngineGUI\EngineGUI_2010.vcxproj", "{20D16A1C-CDBF-1F8C-A47B-46A0B90043BC}"
	ProjectSection(ProjectDependencies) = postProject
		{5352EE55-8AB6-CCB3-9E1D-DE82BCCC044C} = {5352EE55-8AB6-CCB3-9E1D-DE82BCCC044C}
	EndProjectSection
EndProject
Project("{8BC9CEB8-8B4A-11D0-8D11-00A0C91BC942}") = "FontGen", "FontGen\FontGen_2010.vcxproj", "{5881E946-1E95-C315-6482-B762F94CFAE3}"
	ProjectSection(ProjectDependencies) = postProject
		{5352EE55-8AB6-CCB3-9E1D-DE82BCCC044C} = {5352EE55-8AB6-CCB3-9E1D-DE82BCCC044C}
		{20D16A1C-CDBF-1F8C-A47B-46A0B90043BC} = {20D16A1C-CDBF-1F8C-A47B-46A0B90043BC}
	EndProjectSection
EndProject
Project("{8BC9CEB8-8B4A-11D0-8D11-00A0C91BC942}") = "LWSkaExporter", "LWSkaExporter\LWSkaExporter_2010.vcxproj", "{EB49D36F-4473-E962-8C47-D32277167446}"
EndProject
Project("{8BC9CEB8-8B4A-11D0-8D11-00A0C91BC942}") = "MakeFONT", "MakeFONT\MakeFONT_2010.vcxproj", "{77A0B68B-7C9F-E997-01CF-18A79674A258}"
	ProjectSection(ProjectDependencies) = postProject
		{5352EE55-8AB6-CCB3-9E1D-DE82BCCC044C} = {5352EE55-8AB6-CCB3-9E1D-DE82BCCC044C}
	EndProjectSection
EndProject
Project("{8BC9CEB8-8B4A-11D0-8D11-00A0C91BC942}") = "Modeler", "Modeler\Modeler_2010.vcxproj", "{7F599A93-FEDC-C85B-B21F-AE031043F3F7}"
	ProjectSection(ProjectDependencies) = postProject
		{5352EE55-8AB6-CCB3-9E1D-DE82BCCC044C} = {5352EE55-8AB6-CCB3-9E1D-DE82BCCC044C}
		{20D16A1C-CDBF-1F8C-A47B-46A0B90043BC} = {20D16A1C-CDBF-1F8C-A47B-46A0B90043BC}
	EndProjectSection
EndProject
Project("{8BC9CEB8-8B4A-11D0-8D11-00A0C91BC942}") = "PersistentSymbolTool", "PersistentSymbolTool\PersistentSymbolTool_2010.vcxproj", "{E8E9EB8A-2AF9-34E7-BEA2-89DABCD62B09}"
EndProject
Project("{8BC9CEB8-8B4A-11D0-8D11-00A0C91BC942}") = "SeriousSkaStudio", "SeriousSkaStudio\SeriousSkaStudio_2010.vcxproj", "{4594EDE6-26D8-AF44-3C8A-8F598501C9A3}"
	ProjectSection(ProjectDependencies) = postProject
		{6703FF0E-0081-684A-BD4E-AEAF4904BCAB} = {6703FF0E-0081-684A-BD4E-AEAF4904BCAB}
		{5352EE55-8AB6-CCB3-9E1D-DE82BCCC044C} = {5352EE55-8AB6-CCB3-9E1D-DE82BCCC044C}
		{20D16A1C-CDBF-1F8C-A47B-46A0B90043BC} = {20D16A1C-CDBF-1F8C-A47B-46A0B90043BC}
	EndProjectSection
EndProject
Project("{8BC9CEB8-8B4A-11D0-8D11-00A0C91BC942}") = "Shaders", "Shaders\Shaders_2010.vcxproj", "{6703FF0E-0081-684A-BD4E-AEAF4904BCAB}"
	ProjectSection(ProjectDependencies) = postProject
		{5352EE55-8AB6-CCB3-9E1D-DE82BCCC044C} = {5352EE55-8AB6-CCB3-9E1D-DE82BCCC044C}
	EndProjectSection
EndProject
Project("{8BC9CEB8-8B4A-11D0-8D11-00A0C91BC942}") = "WorldEditor", "WorldEditor\WorldEditor_2010.vcxproj", "{0C5F8CEC-7513-729B-32E3-00ADAD94FD39}"
	ProjectSection(ProjectDependencies) = postProject
		{6703FF0E-0081-684A-BD4E-AEAF4904BCAB} = {6703FF0E-0081-684A-BD4E-AEAF4904BCAB}
		{5352EE55-8AB6-CCB3-9E1D-DE82BCCC044C} = {5352EE55-8AB6-CCB3-9E1D-DE82BCCC044C}
		{20D16A1C-CDBF-1F8C-A47B-46A0B90043BC} = {20D16A1C-CDBF-1F8C-A47B-46A0B90043BC}
	EndProjectSection
EndProject
Project("{8BC9CEB8-8B4A-11D0-8D11-00A0C91BC942}") = "Common", "Common\Common.vcxproj", "{A3109CCC-B83D-4D6C-A214-03C10084F276}"
	ProjectSection(ProjectDependencies) = postProject
		{5352EE55-8AB6-CCB3-9E1D-DE82BCCC044C} = {5352EE55-8AB6-CCB3-9E1D-DE82BCCC044C}
	EndProjectSection
EndProject
Global
	GlobalSection(SolutionConfigurationPlatforms) = preSolution
		BRZLIVE|Win32 = BRZLIVE|Win32
		BRZTEST|Win32 = BRZTEST|Win32
		Debug|Win32 = Debug|Win32
		DebugKalydo|Win32 = DebugKalydo|Win32
		DebugSkaStudio|Win32 = DebugSkaStudio|Win32
		EU2LIVE|Win32 = EU2LIVE|Win32
		EU2TEST|Win32 = EU2TEST|Win32
		EU3LIVE|Win32 = EU3LIVE|Win32
		EU3TEST|Win32 = EU3TEST|Win32
		FinalDebug|Win32 = FinalDebug|Win32
		FinalRelease|Win32 = FinalRelease|Win32
		GERLIVE|Win32 = GERLIVE|Win32
		GERLIVEKalydo|Win32 = GERLIVEKalydo|Win32
		GERTEST|Win32 = GERTEST|Win32
		HKLIVE|Win32 = HKLIVE|Win32
		HKTEST|Win32 = HKTEST|Win32
		JPNLIVE|Win32 = JPNLIVE|Win32
		JPNTEST|Win32 = JPNTEST|Win32
		KORLIVE|Win32 = KORLIVE|Win32
		KORTEST|Win32 = KORTEST|Win32
		MAXLIVE|Win32 = MAXLIVE|Win32
		MAXTEST|Win32 = MAXTEST|Win32
		NETLIVE|Win32 = NETLIVE|Win32
		NETTEST|Win32 = NETTEST|Win32
		Release|Win32 = Release|Win32
		ReleaseKalydo|Win32 = ReleaseKalydo|Win32
		RUSLIVE|Win32 = RUSLIVE|Win32
		RUSTEST|Win32 = RUSTEST|Win32
		SkaStudio|Win32 = SkaStudio|Win32
		Template|Win32 = Template|Win32
		THAILIVE|Win32 = THAILIVE|Win32
		THAITEST|Win32 = THAITEST|Win32
		USALIVE|Win32 = USALIVE|Win32
		USATEST|Win32 = USATEST|Win32
		WORLDEDITOR|Win32 = WORLDEDITOR|Win32
	EndGlobalSection
	GlobalSection(ProjectConfigurationPlatforms) = postSolution
		{5352EE55-8AB6-CCB3-9E1D-DE82BCCC044C}.BRZLIVE|Win32.ActiveCfg = BRZLIVE|Win32
		{5352EE55-8AB6-CCB3-9E1D-DE82BCCC044C}.BRZLIVE|Win32.Build.0 = BRZLIVE|Win32
		{5352EE55-8AB6-CCB3-9E1D-DE82BCCC044C}.BRZTEST|Win32.ActiveCfg = BRZLIVE|Win32
		{5352EE55-8AB6-CCB3-9E1D-DE82BCCC044C}.BRZTEST|Win32.Build.0 = BRZLIVE|Win32
		{5352EE55-8AB6-CCB3-9E1D-DE82BCCC044C}.Debug|Win32.ActiveCfg = Debug|Win32
		{5352EE55-8AB6-CCB3-9E1D-DE82BCCC044C}.Debug|Win32.Build.0 = Debug|Win32
		{5352EE55-8AB6-CCB3-9E1D-DE82BCCC044C}.DebugKalydo|Win32.ActiveCfg = DebugKalydo|Win32
		{5352EE55-8AB6-CCB3-9E1D-DE82BCCC044C}.DebugKalydo|Win32.Build.0 = DebugKalydo|Win32
		{5352EE55-8AB6-CCB3-9E1D-DE82BCCC044C}.DebugSkaStudio|Win32.ActiveCfg = DebugSkaStudio|Win32
		{5352EE55-8AB6-CCB3-9E1D-DE82BCCC044C}.DebugSkaStudio|Win32.Build.0 = DebugSkaStudio|Win32
		{5352EE55-8AB6-CCB3-9E1D-DE82BCCC044C}.EU2LIVE|Win32.ActiveCfg = WORLDEDITOR|Win32
		{5352EE55-8AB6-CCB3-9E1D-DE82BCCC044C}.EU2LIVE|Win32.Build.0 = WORLDEDITOR|Win32
		{5352EE55-8AB6-CCB3-9E1D-DE82BCCC044C}.EU2TEST|Win32.ActiveCfg = WORLDEDITOR|Win32
		{5352EE55-8AB6-CCB3-9E1D-DE82BCCC044C}.EU2TEST|Win32.Build.0 = WORLDEDITOR|Win32
		{5352EE55-8AB6-CCB3-9E1D-DE82BCCC044C}.EU3LIVE|Win32.ActiveCfg = WORLDEDITOR|Win32
		{5352EE55-8AB6-CCB3-9E1D-DE82BCCC044C}.EU3LIVE|Win32.Build.0 = WORLDEDITOR|Win32
		{5352EE55-8AB6-CCB3-9E1D-DE82BCCC044C}.EU3TEST|Win32.ActiveCfg = WORLDEDITOR|Win32
		{5352EE55-8AB6-CCB3-9E1D-DE82BCCC044C}.EU3TEST|Win32.Build.0 = WORLDEDITOR|Win32
		{5352EE55-8AB6-CCB3-9E1D-DE82BCCC044C}.FinalDebug|Win32.ActiveCfg = Debug|Win32
		{5352EE55-8AB6-CCB3-9E1D-DE82BCCC044C}.FinalDebug|Win32.Build.0 = Debug|Win32
		{5352EE55-8AB6-CCB3-9E1D-DE82BCCC044C}.FinalRelease|Win32.ActiveCfg = WORLDEDITOR|Win32
		{5352EE55-8AB6-CCB3-9E1D-DE82BCCC044C}.FinalRelease|Win32.Build.0 = WORLDEDITOR|Win32
		{5352EE55-8AB6-CCB3-9E1D-DE82BCCC044C}.GERLIVE|Win32.ActiveCfg = GERLIVE|Win32
		{5352EE55-8AB6-CCB3-9E1D-DE82BCCC044C}.GERLIVE|Win32.Build.0 = GERLIVE|Win32
		{5352EE55-8AB6-CCB3-9E1D-DE82BCCC044C}.GERLIVEKalydo|Win32.ActiveCfg = GERLIVEKalydo|Win32
		{5352EE55-8AB6-CCB3-9E1D-DE82BCCC044C}.GERLIVEKalydo|Win32.Build.0 = GERLIVEKalydo|Win32
		{5352EE55-8AB6-CCB3-9E1D-DE82BCCC044C}.GERTEST|Win32.ActiveCfg = GERLIVE|Win32
		{5352EE55-8AB6-CCB3-9E1D-DE82BCCC044C}.GERTEST|Win32.Build.0 = GERLIVE|Win32
		{5352EE55-8AB6-CCB3-9E1D-DE82BCCC044C}.HKLIVE|Win32.ActiveCfg = WORLDEDITOR|Win32
		{5352EE55-8AB6-CCB3-9E1D-DE82BCCC044C}.HKLIVE|Win32.Build.0 = WORLDEDITOR|Win32
		{5352EE55-8AB6-CCB3-9E1D-DE82BCCC044C}.HKTEST|Win32.ActiveCfg = WORLDEDITOR|Win32
		{5352EE55-8AB6-CCB3-9E1D-DE82BCCC044C}.HKTEST|Win32.Build.0 = WORLDEDITOR|Win32
		{5352EE55-8AB6-CCB3-9E1D-DE82BCCC044C}.JPNLIVE|Win32.ActiveCfg = WORLDEDITOR|Win32
		{5352EE55-8AB6-CCB3-9E1D-DE82BCCC044C}.JPNLIVE|Win32.Build.0 = WORLDEDITOR|Win32
		{5352EE55-8AB6-CCB3-9E1D-DE82BCCC044C}.JPNTEST|Win32.ActiveCfg = WORLDEDITOR|Win32
		{5352EE55-8AB6-CCB3-9E1D-DE82BCCC044C}.JPNTEST|Win32.Build.0 = WORLDEDITOR|Win32
		{5352EE55-8AB6-CCB3-9E1D-DE82BCCC044C}.KORLIVE|Win32.ActiveCfg = KORTEST|Win32
		{5352EE55-8AB6-CCB3-9E1D-DE82BCCC044C}.KORLIVE|Win32.Build.0 = KORTEST|Win32
		{5352EE55-8AB6-CCB3-9E1D-DE82BCCC044C}.KORTEST|Win32.ActiveCfg = KORTEST|Win32
		{5352EE55-8AB6-CCB3-9E1D-DE82BCCC044C}.KORTEST|Win32.Build.0 = KORTEST|Win32
		{5352EE55-8AB6-CCB3-9E1D-DE82BCCC044C}.MAXLIVE|Win32.ActiveCfg = MAXLIVE|Win32
		{5352EE55-8AB6-CCB3-9E1D-DE82BCCC044C}.MAXLIVE|Win32.Build.0 = MAXLIVE|Win32
		{5352EE55-8AB6-CCB3-9E1D-DE82BCCC044C}.MAXTEST|Win32.ActiveCfg = MAXLIVE|Win32
		{5352EE55-8AB6-CCB3-9E1D-DE82BCCC044C}.MAXTEST|Win32.Build.0 = MAXLIVE|Win32
		{5352EE55-8AB6-CCB3-9E1D-DE82BCCC044C}.NETLIVE|Win32.ActiveCfg = WORLDEDITOR|Win32
		{5352EE55-8AB6-CCB3-9E1D-DE82BCCC044C}.NETLIVE|Win32.Build.0 = WORLDEDITOR|Win32
		{5352EE55-8AB6-CCB3-9E1D-DE82BCCC044C}.NETTEST|Win32.ActiveCfg = WORLDEDITOR|Win32
		{5352EE55-8AB6-CCB3-9E1D-DE82BCCC044C}.NETTEST|Win32.Build.0 = WORLDEDITOR|Win32
		{5352EE55-8AB6-CCB3-9E1D-DE82BCCC044C}.Release|Win32.ActiveCfg = Release_UITool|Win32
		{5352EE55-8AB6-CCB3-9E1D-DE82BCCC044C}.Release|Win32.Build.0 = Release_UITool|Win32
		{5352EE55-8AB6-CCB3-9E1D-DE82BCCC044C}.ReleaseKalydo|Win32.ActiveCfg = ReleaseKalydo|Win32
		{5352EE55-8AB6-CCB3-9E1D-DE82BCCC044C}.ReleaseKalydo|Win32.Build.0 = ReleaseKalydo|Win32
		{5352EE55-8AB6-CCB3-9E1D-DE82BCCC044C}.RUSLIVE|Win32.ActiveCfg = RUSLIVE|Win32
		{5352EE55-8AB6-CCB3-9E1D-DE82BCCC044C}.RUSLIVE|Win32.Build.0 = RUSLIVE|Win32
		{5352EE55-8AB6-CCB3-9E1D-DE82BCCC044C}.RUSTEST|Win32.ActiveCfg = RUSLIVE|Win32
		{5352EE55-8AB6-CCB3-9E1D-DE82BCCC044C}.RUSTEST|Win32.Build.0 = RUSLIVE|Win32
		{5352EE55-8AB6-CCB3-9E1D-DE82BCCC044C}.SkaStudio|Win32.ActiveCfg = SkaStudio|Win32
		{5352EE55-8AB6-CCB3-9E1D-DE82BCCC044C}.SkaStudio|Win32.Build.0 = SkaStudio|Win32
		{5352EE55-8AB6-CCB3-9E1D-DE82BCCC044C}.Template|Win32.ActiveCfg = Template|Win32
		{5352EE55-8AB6-CCB3-9E1D-DE82BCCC044C}.Template|Win32.Build.0 = Template|Win32
		{5352EE55-8AB6-CCB3-9E1D-DE82BCCC044C}.THAILIVE|Win32.ActiveCfg = THAILIVE|Win32
		{5352EE55-8AB6-CCB3-9E1D-DE82BCCC044C}.THAILIVE|Win32.Build.0 = THAILIVE|Win32
		{5352EE55-8AB6-CCB3-9E1D-DE82BCCC044C}.THAITEST|Win32.ActiveCfg = THAILIVE|Win32
		{5352EE55-8AB6-CCB3-9E1D-DE82BCCC044C}.THAITEST|Win32.Build.0 = THAILIVE|Win32
		{5352EE55-8AB6-CCB3-9E1D-DE82BCCC044C}.USALIVE|Win32.ActiveCfg = USALIVE|Win32
		{5352EE55-8AB6-CCB3-9E1D-DE82BCCC044C}.USALIVE|Win32.Build.0 = USALIVE|Win32
		{5352EE55-8AB6-CCB3-9E1D-DE82BCCC044C}.USATEST|Win32.ActiveCfg = USALIVE|Win32
		{5352EE55-8AB6-CCB3-9E1D-DE82BCCC044C}.USATEST|Win32.Build.0 = USALIVE|Win32
		{5352EE55-8AB6-CCB3-9E1D-DE82BCCC044C}.WORLDEDITOR|Win32.ActiveCfg = WORLDEDITOR|Win32
		{5352EE55-8AB6-CCB3-9E1D-DE82BCCC044C}.WORLDEDITOR|Win32.Build.0 = WORLDEDITOR|Win32
		{20D16A1C-CDBF-1F8C-A47B-46A0B90043BC}.BRZLIVE|Win32.ActiveCfg = BRZLIVE|Win32
		{20D16A1C-CDBF-1F8C-A47B-46A0B90043BC}.BRZLIVE|Win32.Build.0 = BRZLIVE|Win32
		{20D16A1C-CDBF-1F8C-A47B-46A0B90043BC}.BRZTEST|Win32.ActiveCfg = BRZTEST|Win32
		{20D16A1C-CDBF-1F8C-A47B-46A0B90043BC}.BRZTEST|Win32.Build.0 = BRZTEST|Win32
		{20D16A1C-CDBF-1F8C-A47B-46A0B90043BC}.Debug|Win32.ActiveCfg = Debug|Win32
		{20D16A1C-CDBF-1F8C-A47B-46A0B90043BC}.Debug|Win32.Build.0 = Debug|Win32
		{20D16A1C-CDBF-1F8C-A47B-46A0B90043BC}.DebugKalydo|Win32.ActiveCfg = DebugKalydo|Win32
		{20D16A1C-CDBF-1F8C-A47B-46A0B90043BC}.DebugKalydo|Win32.Build.0 = DebugKalydo|Win32
		{20D16A1C-CDBF-1F8C-A47B-46A0B90043BC}.DebugSkaStudio|Win32.ActiveCfg = DebugSkaStudio|Win32
		{20D16A1C-CDBF-1F8C-A47B-46A0B90043BC}.DebugSkaStudio|Win32.Build.0 = DebugSkaStudio|Win32
		{20D16A1C-CDBF-1F8C-A47B-46A0B90043BC}.EU2LIVE|Win32.ActiveCfg = EU2LIVE|Win32
		{20D16A1C-CDBF-1F8C-A47B-46A0B90043BC}.EU2LIVE|Win32.Build.0 = EU2LIVE|Win32
		{20D16A1C-CDBF-1F8C-A47B-46A0B90043BC}.EU2TEST|Win32.ActiveCfg = EU2TEST|Win32
		{20D16A1C-CDBF-1F8C-A47B-46A0B90043BC}.EU2TEST|Win32.Build.0 = EU2TEST|Win32
		{20D16A1C-CDBF-1F8C-A47B-46A0B90043BC}.EU3LIVE|Win32.ActiveCfg = EU3LIVE|Win32
		{20D16A1C-CDBF-1F8C-A47B-46A0B90043BC}.EU3LIVE|Win32.Build.0 = EU3LIVE|Win32
		{20D16A1C-CDBF-1F8C-A47B-46A0B90043BC}.EU3TEST|Win32.ActiveCfg = EU3TEST|Win32
		{20D16A1C-CDBF-1F8C-A47B-46A0B90043BC}.EU3TEST|Win32.Build.0 = EU3TEST|Win32
		{20D16A1C-CDBF-1F8C-A47B-46A0B90043BC}.FinalDebug|Win32.ActiveCfg = FinalDebug|Win32
		{20D16A1C-CDBF-1F8C-A47B-46A0B90043BC}.FinalDebug|Win32.Build.0 = FinalDebug|Win32
		{20D16A1C-CDBF-1F8C-A47B-46A0B90043BC}.FinalRelease|Win32.ActiveCfg = FinalRelease|Win32
		{20D16A1C-CDBF-1F8C-A47B-46A0B90043BC}.FinalRelease|Win32.Build.0 = FinalRelease|Win32
		{20D16A1C-CDBF-1F8C-A47B-46A0B90043BC}.GERLIVE|Win32.ActiveCfg = GERLIVE|Win32
		{20D16A1C-CDBF-1F8C-A47B-46A0B90043BC}.GERLIVE|Win32.Build.0 = GERLIVE|Win32
		{20D16A1C-CDBF-1F8C-A47B-46A0B90043BC}.GERLIVEKalydo|Win32.ActiveCfg = GERLIVEKalydo|Win32
		{20D16A1C-CDBF-1F8C-A47B-46A0B90043BC}.GERLIVEKalydo|Win32.Build.0 = GERLIVEKalydo|Win32
		{20D16A1C-CDBF-1F8C-A47B-46A0B90043BC}.GERTEST|Win32.ActiveCfg = GERTEST|Win32
		{20D16A1C-CDBF-1F8C-A47B-46A0B90043BC}.GERTEST|Win32.Build.0 = GERTEST|Win32
		{20D16A1C-CDBF-1F8C-A47B-46A0B90043BC}.HKLIVE|Win32.ActiveCfg = HKLIVE|Win32
		{20D16A1C-CDBF-1F8C-A47B-46A0B90043BC}.HKLIVE|Win32.Build.0 = HKLIVE|Win32
		{20D16A1C-CDBF-1F8C-A47B-46A0B90043BC}.HKTEST|Win32.ActiveCfg = HKTEST|Win32
		{20D16A1C-CDBF-1F8C-A47B-46A0B90043BC}.HKTEST|Win32.Build.0 = HKTEST|Win32
		{20D16A1C-CDBF-1F8C-A47B-46A0B90043BC}.JPNLIVE|Win32.ActiveCfg = JPNLIVE|Win32
		{20D16A1C-CDBF-1F8C-A47B-46A0B90043BC}.JPNLIVE|Win32.Build.0 = JPNLIVE|Win32
		{20D16A1C-CDBF-1F8C-A47B-46A0B90043BC}.JPNTEST|Win32.ActiveCfg = JPNTEST|Win32
		{20D16A1C-CDBF-1F8C-A47B-46A0B90043BC}.JPNTEST|Win32.Build.0 = JPNTEST|Win32
		{20D16A1C-CDBF-1F8C-A47B-46A0B90043BC}.KORLIVE|Win32.ActiveCfg = KORLIVE|Win32
		{20D16A1C-CDBF-1F8C-A47B-46A0B90043BC}.KORLIVE|Win32.Build.0 = KORLIVE|Win32
		{20D16A1C-CDBF-1F8C-A47B-46A0B90043BC}.KORTEST|Win32.ActiveCfg = KORTEST|Win32
		{20D16A1C-CDBF-1F8C-A47B-46A0B90043BC}.KORTEST|Win32.Build.0 = KORTEST|Win32
		{20D16A1C-CDBF-1F8C-A47B-46A0B90043BC}.MAXLIVE|Win32.ActiveCfg = MAXLIVE|Win32
		{20D16A1C-CDBF-1F8C-A47B-46A0B90043BC}.MAXLIVE|Win32.Build.0 = MAXLIVE|Win32
		{20D16A1C-CDBF-1F8C-A47B-46A0B90043BC}.MAXTEST|Win32.ActiveCfg = MAXTEST|Win32
		{20D16A1C-CDBF-1F8C-A47B-46A0B90043BC}.MAXTEST|Win32.Build.0 = MAXTEST|Win32
		{20D16A1C-CDBF-1F8C-A47B-46A0B90043BC}.NETLIVE|Win32.ActiveCfg = NETLIVE|Win32
		{20D16A1C-CDBF-1F8C-A47B-46A0B90043BC}.NETLIVE|Win32.Build.0 = NETLIVE|Win32
		{20D16A1C-CDBF-1F8C-A47B-46A0B90043BC}.NETTEST|Win32.ActiveCfg = NETTEST|Win32
		{20D16A1C-CDBF-1F8C-A47B-46A0B90043BC}.NETTEST|Win32.Build.0 = NETTEST|Win32
		{20D16A1C-CDBF-1F8C-A47B-46A0B90043BC}.Release|Win32.ActiveCfg = Release|Win32
		{20D16A1C-CDBF-1F8C-A47B-46A0B90043BC}.Release|Win32.Build.0 = Release|Win32
		{20D16A1C-CDBF-1F8C-A47B-46A0B90043BC}.ReleaseKalydo|Win32.ActiveCfg = ReleaseKalydo|Win32
		{20D16A1C-CDBF-1F8C-A47B-46A0B90043BC}.ReleaseKalydo|Win32.Build.0 = ReleaseKalydo|Win32
		{20D16A1C-CDBF-1F8C-A47B-46A0B90043BC}.RUSLIVE|Win32.ActiveCfg = RUSLIVE|Win32
		{20D16A1C-CDBF-1F8C-A47B-46A0B90043BC}.RUSLIVE|Win32.Build.0 = RUSLIVE|Win32
		{20D16A1C-CDBF-1F8C-A47B-46A0B90043BC}.RUSTEST|Win32.ActiveCfg = RUSTEST|Win32
		{20D16A1C-CDBF-1F8C-A47B-46A0B90043BC}.RUSTEST|Win32.Build.0 = RUSTEST|Win32
		{20D16A1C-CDBF-1F8C-A47B-46A0B90043BC}.SkaStudio|Win32.ActiveCfg = SkaStudio|Win32
		{20D16A1C-CDBF-1F8C-A47B-46A0B90043BC}.SkaStudio|Win32.Build.0 = SkaStudio|Win32
		{20D16A1C-CDBF-1F8C-A47B-46A0B90043BC}.Template|Win32.ActiveCfg = Template|Win32
		{20D16A1C-CDBF-1F8C-A47B-46A0B90043BC}.Template|Win32.Build.0 = Template|Win32
		{20D16A1C-CDBF-1F8C-A47B-46A0B90043BC}.THAILIVE|Win32.ActiveCfg = THAILIVE|Win32
		{20D16A1C-CDBF-1F8C-A47B-46A0B90043BC}.THAILIVE|Win32.Build.0 = THAILIVE|Win32
		{20D16A1C-CDBF-1F8C-A47B-46A0B90043BC}.THAITEST|Win32.ActiveCfg = THAITEST|Win32
		{20D16A1C-CDBF-1F8C-A47B-46A0B90043BC}.THAITEST|Win32.Build.0 = THAITEST|Win32
		{20D16A1C-CDBF-1F8C-A47B-46A0B90043BC}.USALIVE|Win32.ActiveCfg = USALIVE|Win32
		{20D16A1C-CDBF-1F8C-A47B-46A0B90043BC}.USALIVE|Win32.Build.0 = USALIVE|Win32
		{20D16A1C-CDBF-1F8C-A47B-46A0B90043BC}.USATEST|Win32.ActiveCfg = USATEST|Win32
		{20D16A1C-CDBF-1F8C-A47B-46A0B90043BC}.USATEST|Win32.Build.0 = USATEST|Win32
		{20D16A1C-CDBF-1F8C-A47B-46A0B90043BC}.WORLDEDITOR|Win32.ActiveCfg = WORLDEDITOR|Win32
		{20D16A1C-CDBF-1F8C-A47B-46A0B90043BC}.WORLDEDITOR|Win32.Build.0 = WORLDEDITOR|Win32
		{5881E946-1E95-C315-6482-B762F94CFAE3}.BRZLIVE|Win32.ActiveCfg = Template|Win32
		{5881E946-1E95-C315-6482-B762F94CFAE3}.BRZLIVE|Win32.Build.0 = Template|Win32
		{5881E946-1E95-C315-6482-B762F94CFAE3}.BRZTEST|Win32.ActiveCfg = Template|Win32
		{5881E946-1E95-C315-6482-B762F94CFAE3}.BRZTEST|Win32.Build.0 = Template|Win32
		{5881E946-1E95-C315-6482-B762F94CFAE3}.Debug|Win32.ActiveCfg = Debug|Win32
		{5881E946-1E95-C315-6482-B762F94CFAE3}.Debug|Win32.Build.0 = Debug|Win32
		{5881E946-1E95-C315-6482-B762F94CFAE3}.DebugKalydo|Win32.ActiveCfg = Debug|Win32
		{5881E946-1E95-C315-6482-B762F94CFAE3}.DebugKalydo|Win32.Build.0 = Debug|Win32
		{5881E946-1E95-C315-6482-B762F94CFAE3}.DebugSkaStudio|Win32.ActiveCfg = Debug|Win32
		{5881E946-1E95-C315-6482-B762F94CFAE3}.EU2LIVE|Win32.ActiveCfg = Template|Win32
		{5881E946-1E95-C315-6482-B762F94CFAE3}.EU2LIVE|Win32.Build.0 = Template|Win32
		{5881E946-1E95-C315-6482-B762F94CFAE3}.EU2TEST|Win32.ActiveCfg = Template|Win32
		{5881E946-1E95-C315-6482-B762F94CFAE3}.EU2TEST|Win32.Build.0 = Template|Win32
		{5881E946-1E95-C315-6482-B762F94CFAE3}.EU3LIVE|Win32.ActiveCfg = Template|Win32
		{5881E946-1E95-C315-6482-B762F94CFAE3}.EU3LIVE|Win32.Build.0 = Template|Win32
		{5881E946-1E95-C315-6482-B762F94CFAE3}.EU3TEST|Win32.ActiveCfg = Template|Win32
		{5881E946-1E95-C315-6482-B762F94CFAE3}.EU3TEST|Win32.Build.0 = Template|Win32
		{5881E946-1E95-C315-6482-B762F94CFAE3}.FinalDebug|Win32.ActiveCfg = Debug|Win32
		{5881E946-1E95-C315-6482-B762F94CFAE3}.FinalDebug|Win32.Build.0 = Debug|Win32
		{5881E946-1E95-C315-6482-B762F94CFAE3}.FinalRelease|Win32.ActiveCfg = Release|Win32
		{5881E946-1E95-C315-6482-B762F94CFAE3}.FinalRelease|Win32.Build.0 = Release|Win32
		{5881E946-1E95-C315-6482-B762F94CFAE3}.GERLIVE|Win32.ActiveCfg = Template|Win32
		{5881E946-1E95-C315-6482-B762F94CFAE3}.GERLIVE|Win32.Build.0 = Template|Win32
		{5881E946-1E95-C315-6482-B762F94CFAE3}.GERLIVEKalydo|Win32.ActiveCfg = Template|Win32
		{5881E946-1E95-C315-6482-B762F94CFAE3}.GERLIVEKalydo|Win32.Build.0 = Template|Win32
		{5881E946-1E95-C315-6482-B762F94CFAE3}.GERTEST|Win32.ActiveCfg = Template|Win32
		{5881E946-1E95-C315-6482-B762F94CFAE3}.GERTEST|Win32.Build.0 = Template|Win32
		{5881E946-1E95-C315-6482-B762F94CFAE3}.HKLIVE|Win32.ActiveCfg = Template|Win32
		{5881E946-1E95-C315-6482-B762F94CFAE3}.HKLIVE|Win32.Build.0 = Template|Win32
		{5881E946-1E95-C315-6482-B762F94CFAE3}.HKTEST|Win32.ActiveCfg = Template|Win32
		{5881E946-1E95-C315-6482-B762F94CFAE3}.HKTEST|Win32.Build.0 = Template|Win32
		{5881E946-1E95-C315-6482-B762F94CFAE3}.JPNLIVE|Win32.ActiveCfg = Template|Win32
		{5881E946-1E95-C315-6482-B762F94CFAE3}.JPNLIVE|Win32.Build.0 = Template|Win32
		{5881E946-1E95-C315-6482-B762F94CFAE3}.JPNTEST|Win32.ActiveCfg = Template|Win32
		{5881E946-1E95-C315-6482-B762F94CFAE3}.JPNTEST|Win32.Build.0 = Template|Win32
		{5881E946-1E95-C315-6482-B762F94CFAE3}.KORLIVE|Win32.ActiveCfg = Template|Win32
		{5881E946-1E95-C315-6482-B762F94CFAE3}.KORLIVE|Win32.Build.0 = Template|Win32
		{5881E946-1E95-C315-6482-B762F94CFAE3}.KORTEST|Win32.ActiveCfg = Template|Win32
		{5881E946-1E95-C315-6482-B762F94CFAE3}.KORTEST|Win32.Build.0 = Template|Win32
		{5881E946-1E95-C315-6482-B762F94CFAE3}.MAXLIVE|Win32.ActiveCfg = Template|Win32
		{5881E946-1E95-C315-6482-B762F94CFAE3}.MAXLIVE|Win32.Build.0 = Template|Win32
		{5881E946-1E95-C315-6482-B762F94CFAE3}.MAXTEST|Win32.ActiveCfg = Template|Win32
		{5881E946-1E95-C315-6482-B762F94CFAE3}.MAXTEST|Win32.Build.0 = Template|Win32
		{5881E946-1E95-C315-6482-B762F94CFAE3}.NETLIVE|Win32.ActiveCfg = Template|Win32
		{5881E946-1E95-C315-6482-B762F94CFAE3}.NETLIVE|Win32.Build.0 = Template|Win32
		{5881E946-1E95-C315-6482-B762F94CFAE3}.NETTEST|Win32.ActiveCfg = Template|Win32
		{5881E946-1E95-C315-6482-B762F94CFAE3}.NETTEST|Win32.Build.0 = Template|Win32
		{5881E946-1E95-C315-6482-B762F94CFAE3}.Release|Win32.ActiveCfg = Release|Win32
		{5881E946-1E95-C315-6482-B762F94CFAE3}.Release|Win32.Build.0 = Release|Win32
		{5881E946-1E95-C315-6482-B762F94CFAE3}.ReleaseKalydo|Win32.ActiveCfg = Release|Win32
		{5881E946-1E95-C315-6482-B762F94CFAE3}.ReleaseKalydo|Win32.Build.0 = Release|Win32
		{5881E946-1E95-C315-6482-B762F94CFAE3}.RUSLIVE|Win32.ActiveCfg = Release|Win32
		{5881E946-1E95-C315-6482-B762F94CFAE3}.RUSLIVE|Win32.Build.0 = Release|Win32
		{5881E946-1E95-C315-6482-B762F94CFAE3}.RUSTEST|Win32.ActiveCfg = Release|Win32
		{5881E946-1E95-C315-6482-B762F94CFAE3}.RUSTEST|Win32.Build.0 = Release|Win32
		{5881E946-1E95-C315-6482-B762F94CFAE3}.SkaStudio|Win32.ActiveCfg = SkaStudio|Win32
		{5881E946-1E95-C315-6482-B762F94CFAE3}.Template|Win32.ActiveCfg = Template|Win32
		{5881E946-1E95-C315-6482-B762F94CFAE3}.Template|Win32.Build.0 = Template|Win32
		{5881E946-1E95-C315-6482-B762F94CFAE3}.THAILIVE|Win32.ActiveCfg = Template|Win32
		{5881E946-1E95-C315-6482-B762F94CFAE3}.THAILIVE|Win32.Build.0 = Template|Win32
		{5881E946-1E95-C315-6482-B762F94CFAE3}.THAITEST|Win32.ActiveCfg = Template|Win32
		{5881E946-1E95-C315-6482-B762F94CFAE3}.THAITEST|Win32.Build.0 = Template|Win32
		{5881E946-1E95-C315-6482-B762F94CFAE3}.USALIVE|Win32.ActiveCfg = Template|Win32
		{5881E946-1E95-C315-6482-B762F94CFAE3}.USALIVE|Win32.Build.0 = Template|Win32
		{5881E946-1E95-C315-6482-B762F94CFAE3}.USATEST|Win32.ActiveCfg = Template|Win32
		{5881E946-1E95-C315-6482-B762F94CFAE3}.USATEST|Win32.Build.0 = Template|Win32
		{5881E946-1E95-C315-6482-B762F94CFAE3}.WORLDEDITOR|Win32.ActiveCfg = Template|Win32
		{EB49D36F-4473-E962-8C47-D32277167446}.BRZLIVE|Win32.ActiveCfg = Template|Win32
		{EB49D36F-4473-E962-8C47-D32277167446}.BRZLIVE|Win32.Build.0 = Template|Win32
		{EB49D36F-4473-E962-8C47-D32277167446}.BRZTEST|Win32.ActiveCfg = Template|Win32
		{EB49D36F-4473-E962-8C47-D32277167446}.BRZTEST|Win32.Build.0 = Template|Win32
		{EB49D36F-4473-E962-8C47-D32277167446}.Debug|Win32.ActiveCfg = Debug|Win32
		{EB49D36F-4473-E962-8C47-D32277167446}.Debug|Win32.Build.0 = Debug|Win32
		{EB49D36F-4473-E962-8C47-D32277167446}.DebugKalydo|Win32.ActiveCfg = Debug|Win32
		{EB49D36F-4473-E962-8C47-D32277167446}.DebugKalydo|Win32.Build.0 = Debug|Win32
		{EB49D36F-4473-E962-8C47-D32277167446}.DebugSkaStudio|Win32.ActiveCfg = Debug|Win32
		{EB49D36F-4473-E962-8C47-D32277167446}.EU2LIVE|Win32.ActiveCfg = Template|Win32
		{EB49D36F-4473-E962-8C47-D32277167446}.EU2LIVE|Win32.Build.0 = Template|Win32
		{EB49D36F-4473-E962-8C47-D32277167446}.EU2TEST|Win32.ActiveCfg = Template|Win32
		{EB49D36F-4473-E962-8C47-D32277167446}.EU2TEST|Win32.Build.0 = Template|Win32
		{EB49D36F-4473-E962-8C47-D32277167446}.EU3LIVE|Win32.ActiveCfg = Template|Win32
		{EB49D36F-4473-E962-8C47-D32277167446}.EU3LIVE|Win32.Build.0 = Template|Win32
		{EB49D36F-4473-E962-8C47-D32277167446}.EU3TEST|Win32.ActiveCfg = Template|Win32
		{EB49D36F-4473-E962-8C47-D32277167446}.EU3TEST|Win32.Build.0 = Template|Win32
		{EB49D36F-4473-E962-8C47-D32277167446}.FinalDebug|Win32.ActiveCfg = Debug|Win32
		{EB49D36F-4473-E962-8C47-D32277167446}.FinalDebug|Win32.Build.0 = Debug|Win32
		{EB49D36F-4473-E962-8C47-D32277167446}.FinalRelease|Win32.ActiveCfg = Release|Win32
		{EB49D36F-4473-E962-8C47-D32277167446}.FinalRelease|Win32.Build.0 = Release|Win32
		{EB49D36F-4473-E962-8C47-D32277167446}.GERLIVE|Win32.ActiveCfg = Template|Win32
		{EB49D36F-4473-E962-8C47-D32277167446}.GERLIVE|Win32.Build.0 = Template|Win32
		{EB49D36F-4473-E962-8C47-D32277167446}.GERLIVEKalydo|Win32.ActiveCfg = Template|Win32
		{EB49D36F-4473-E962-8C47-D32277167446}.GERLIVEKalydo|Win32.Build.0 = Template|Win32
		{EB49D36F-4473-E962-8C47-D32277167446}.GERTEST|Win32.ActiveCfg = Template|Win32
		{EB49D36F-4473-E962-8C47-D32277167446}.GERTEST|Win32.Build.0 = Template|Win32
		{EB49D36F-4473-E962-8C47-D32277167446}.HKLIVE|Win32.ActiveCfg = Template|Win32
		{EB49D36F-4473-E962-8C47-D32277167446}.HKLIVE|Win32.Build.0 = Template|Win32
		{EB49D36F-4473-E962-8C47-D32277167446}.HKTEST|Win32.ActiveCfg = Template|Win32
		{EB49D36F-4473-E962-8C47-D32277167446}.HKTEST|Win32.Build.0 = Template|Win32
		{EB49D36F-4473-E962-8C47-D32277167446}.JPNLIVE|Win32.ActiveCfg = Template|Win32
		{EB49D36F-4473-E962-8C47-D32277167446}.JPNLIVE|Win32.Build.0 = Template|Win32
		{EB49D36F-4473-E962-8C47-D32277167446}.JPNTEST|Win32.ActiveCfg = Template|Win32
		{EB49D36F-4473-E962-8C47-D32277167446}.JPNTEST|Win32.Build.0 = Template|Win32
		{EB49D36F-4473-E962-8C47-D32277167446}.KORLIVE|Win32.ActiveCfg = Template|Win32
		{EB49D36F-4473-E962-8C47-D32277167446}.KORLIVE|Win32.Build.0 = Template|Win32
		{EB49D36F-4473-E962-8C47-D32277167446}.KORTEST|Win32.ActiveCfg = Template|Win32
		{EB49D36F-4473-E962-8C47-D32277167446}.KORTEST|Win32.Build.0 = Template|Win32
		{EB49D36F-4473-E962-8C47-D32277167446}.MAXLIVE|Win32.ActiveCfg = Template|Win32
		{EB49D36F-4473-E962-8C47-D32277167446}.MAXLIVE|Win32.Build.0 = Template|Win32
		{EB49D36F-4473-E962-8C47-D32277167446}.MAXTEST|Win32.ActiveCfg = Template|Win32
		{EB49D36F-4473-E962-8C47-D32277167446}.MAXTEST|Win32.Build.0 = Template|Win32
		{EB49D36F-4473-E962-8C47-D32277167446}.NETLIVE|Win32.ActiveCfg = Template|Win32
		{EB49D36F-4473-E962-8C47-D32277167446}.NETLIVE|Win32.Build.0 = Template|Win32
		{EB49D36F-4473-E962-8C47-D32277167446}.NETTEST|Win32.ActiveCfg = Template|Win32
		{EB49D36F-4473-E962-8C47-D32277167446}.NETTEST|Win32.Build.0 = Template|Win32
		{EB49D36F-4473-E962-8C47-D32277167446}.Release|Win32.ActiveCfg = Release|Win32
		{EB49D36F-4473-E962-8C47-D32277167446}.Release|Win32.Build.0 = Release|Win32
		{EB49D36F-4473-E962-8C47-D32277167446}.ReleaseKalydo|Win32.ActiveCfg = Release|Win32
		{EB49D36F-4473-E962-8C47-D32277167446}.ReleaseKalydo|Win32.Build.0 = Release|Win32
		{EB49D36F-4473-E962-8C47-D32277167446}.RUSLIVE|Win32.ActiveCfg = Release|Win32
		{EB49D36F-4473-E962-8C47-D32277167446}.RUSLIVE|Win32.Build.0 = Release|Win32
		{EB49D36F-4473-E962-8C47-D32277167446}.RUSTEST|Win32.ActiveCfg = Release|Win32
		{EB49D36F-4473-E962-8C47-D32277167446}.RUSTEST|Win32.Build.0 = Release|Win32
		{EB49D36F-4473-E962-8C47-D32277167446}.SkaStudio|Win32.ActiveCfg = SkaStudio|Win32
		{EB49D36F-4473-E962-8C47-D32277167446}.Template|Win32.ActiveCfg = Template|Win32
		{EB49D36F-4473-E962-8C47-D32277167446}.Template|Win32.Build.0 = Template|Win32
		{EB49D36F-4473-E962-8C47-D32277167446}.THAILIVE|Win32.ActiveCfg = Template|Win32
		{EB49D36F-4473-E962-8C47-D32277167446}.THAILIVE|Win32.Build.0 = Template|Win32
		{EB49D36F-4473-E962-8C47-D32277167446}.THAITEST|Win32.ActiveCfg = Template|Win32
		{EB49D36F-4473-E962-8C47-D32277167446}.THAITEST|Win32.Build.0 = Template|Win32
		{EB49D36F-4473-E962-8C47-D32277167446}.USALIVE|Win32.ActiveCfg = Template|Win32
		{EB49D36F-4473-E962-8C47-D32277167446}.USALIVE|Win32.Build.0 = Template|Win32
		{EB49D36F-4473-E962-8C47-D32277167446}.USATEST|Win32.ActiveCfg = Template|Win32
		{EB49D36F-4473-E962-8C47-D32277167446}.USATEST|Win32.Build.0 = Template|Win32
		{EB49D36F-4473-E962-8C47-D32277167446}.WORLDEDITOR|Win32.ActiveCfg = Template|Win32
		{77A0B68B-7C9F-E997-01CF-18A79674A258}.BRZLIVE|Win32.ActiveCfg = Template|Win32
		{77A0B68B-7C9F-E997-01CF-18A79674A258}.BRZLIVE|Win32.Build.0 = Template|Win32
		{77A0B68B-7C9F-E997-01CF-18A79674A258}.BRZTEST|Win32.ActiveCfg = Template|Win32
		{77A0B68B-7C9F-E997-01CF-18A79674A258}.BRZTEST|Win32.Build.0 = Template|Win32
		{77A0B68B-7C9F-E997-01CF-18A79674A258}.Debug|Win32.ActiveCfg = Debug|Win32
		{77A0B68B-7C9F-E997-01CF-18A79674A258}.Debug|Win32.Build.0 = Debug|Win32
		{77A0B68B-7C9F-E997-01CF-18A79674A258}.DebugKalydo|Win32.ActiveCfg = Debug|Win32
		{77A0B68B-7C9F-E997-01CF-18A79674A258}.DebugKalydo|Win32.Build.0 = Debug|Win32
		{77A0B68B-7C9F-E997-01CF-18A79674A258}.DebugSkaStudio|Win32.ActiveCfg = Debug|Win32
		{77A0B68B-7C9F-E997-01CF-18A79674A258}.EU2LIVE|Win32.ActiveCfg = Template|Win32
		{77A0B68B-7C9F-E997-01CF-18A79674A258}.EU2LIVE|Win32.Build.0 = Template|Win32
		{77A0B68B-7C9F-E997-01CF-18A79674A258}.EU2TEST|Win32.ActiveCfg = Template|Win32
		{77A0B68B-7C9F-E997-01CF-18A79674A258}.EU2TEST|Win32.Build.0 = Template|Win32
		{77A0B68B-7C9F-E997-01CF-18A79674A258}.EU3LIVE|Win32.ActiveCfg = Template|Win32
		{77A0B68B-7C9F-E997-01CF-18A79674A258}.EU3LIVE|Win32.Build.0 = Template|Win32
		{77A0B68B-7C9F-E997-01CF-18A79674A258}.EU3TEST|Win32.ActiveCfg = Template|Win32
		{77A0B68B-7C9F-E997-01CF-18A79674A258}.EU3TEST|Win32.Build.0 = Template|Win32
		{77A0B68B-7C9F-E997-01CF-18A79674A258}.FinalDebug|Win32.ActiveCfg = Debug|Win32
		{77A0B68B-7C9F-E997-01CF-18A79674A258}.FinalDebug|Win32.Build.0 = Debug|Win32
		{77A0B68B-7C9F-E997-01CF-18A79674A258}.FinalRelease|Win32.ActiveCfg = Release|Win32
		{77A0B68B-7C9F-E997-01CF-18A79674A258}.FinalRelease|Win32.Build.0 = Release|Win32
		{77A0B68B-7C9F-E997-01CF-18A79674A258}.GERLIVE|Win32.ActiveCfg = Template|Win32
		{77A0B68B-7C9F-E997-01CF-18A79674A258}.GERLIVE|Win32.Build.0 = Template|Win32
		{77A0B68B-7C9F-E997-01CF-18A79674A258}.GERLIVEKalydo|Win32.ActiveCfg = Template|Win32
		{77A0B68B-7C9F-E997-01CF-18A79674A258}.GERLIVEKalydo|Win32.Build.0 = Template|Win32
		{77A0B68B-7C9F-E997-01CF-18A79674A258}.GERTEST|Win32.ActiveCfg = Template|Win32
		{77A0B68B-7C9F-E997-01CF-18A79674A258}.GERTEST|Win32.Build.0 = Template|Win32
		{77A0B68B-7C9F-E997-01CF-18A79674A258}.HKLIVE|Win32.ActiveCfg = Template|Win32
		{77A0B68B-7C9F-E997-01CF-18A79674A258}.HKLIVE|Win32.Build.0 = Template|Win32
		{77A0B68B-7C9F-E997-01CF-18A79674A258}.HKTEST|Win32.ActiveCfg = Template|Win32
		{77A0B68B-7C9F-E997-01CF-18A79674A258}.HKTEST|Win32.Build.0 = Template|Win32
		{77A0B68B-7C9F-E997-01CF-18A79674A258}.JPNLIVE|Win32.ActiveCfg = Template|Win32
		{77A0B68B-7C9F-E997-01CF-18A79674A258}.JPNLIVE|Win32.Build.0 = Template|Win32
		{77A0B68B-7C9F-E997-01CF-18A79674A258}.JPNTEST|Win32.ActiveCfg = Template|Win32
		{77A0B68B-7C9F-E997-01CF-18A79674A258}.JPNTEST|Win32.Build.0 = Template|Win32
		{77A0B68B-7C9F-E997-01CF-18A79674A258}.KORLIVE|Win32.ActiveCfg = Template|Win32
		{77A0B68B-7C9F-E997-01CF-18A79674A258}.KORLIVE|Win32.Build.0 = Template|Win32
		{77A0B68B-7C9F-E997-01CF-18A79674A258}.KORTEST|Win32.ActiveCfg = Template|Win32
		{77A0B68B-7C9F-E997-01CF-18A79674A258}.KORTEST|Win32.Build.0 = Template|Win32
		{77A0B68B-7C9F-E997-01CF-18A79674A258}.MAXLIVE|Win32.ActiveCfg = Template|Win32
		{77A0B68B-7C9F-E997-01CF-18A79674A258}.MAXLIVE|Win32.Build.0 = Template|Win32
		{77A0B68B-7C9F-E997-01CF-18A79674A258}.MAXTEST|Win32.ActiveCfg = Template|Win32
		{77A0B68B-7C9F-E997-01CF-18A79674A258}.MAXTEST|Win32.Build.0 = Template|Win32
		{77A0B68B-7C9F-E997-01CF-18A79674A258}.NETLIVE|Win32.ActiveCfg = Template|Win32
		{77A0B68B-7C9F-E997-01CF-18A79674A258}.NETLIVE|Win32.Build.0 = Template|Win32
		{77A0B68B-7C9F-E997-01CF-18A79674A258}.NETTEST|Win32.ActiveCfg = Template|Win32
		{77A0B68B-7C9F-E997-01CF-18A79674A258}.NETTEST|Win32.Build.0 = Template|Win32
		{77A0B68B-7C9F-E997-01CF-18A79674A258}.Release|Win32.ActiveCfg = Release|Win32
		{77A0B68B-7C9F-E997-01CF-18A79674A258}.Release|Win32.Build.0 = Release|Win32
		{77A0B68B-7C9F-E997-01CF-18A79674A258}.ReleaseKalydo|Win32.ActiveCfg = Release|Win32
		{77A0B68B-7C9F-E997-01CF-18A79674A258}.ReleaseKalydo|Win32.Build.0 = Release|Win32
		{77A0B68B-7C9F-E997-01CF-18A79674A258}.RUSLIVE|Win32.ActiveCfg = Release|Win32
		{77A0B68B-7C9F-E997-01CF-18A79674A258}.RUSLIVE|Win32.Build.0 = Release|Win32
		{77A0B68B-7C9F-E997-01CF-18A79674A258}.RUSTEST|Win32.ActiveCfg = Release|Win32
		{77A0B68B-7C9F-E997-01CF-18A79674A258}.RUSTEST|Win32.Build.0 = Release|Win32
		{77A0B68B-7C9F-E997-01CF-18A79674A258}.SkaStudio|Win32.ActiveCfg = SkaStudio|Win32
		{77A0B68B-7C9F-E997-01CF-18A79674A258}.Template|Win32.ActiveCfg = Template|Win32
		{77A0B68B-7C9F-E997-01CF-18A79674A258}.Template|Win32.Build.0 = Template|Win32
		{77A0B68B-7C9F-E997-01CF-18A79674A258}.THAILIVE|Win32.ActiveCfg = Template|Win32
		{77A0B68B-7C9F-E997-01CF-18A79674A258}.THAILIVE|Win32.Build.0 = Template|Win32
		{77A0B68B-7C9F-E997-01CF-18A79674A258}.THAITEST|Win32.ActiveCfg = Template|Win32
		{77A0B68B-7C9F-E997-01CF-18A79674A258}.THAITEST|Win32.Build.0 = Template|Win32
		{77A0B68B-7C9F-E997-01CF-18A79674A258}.USALIVE|Win32.ActiveCfg = Template|Win32
		{77A0B68B-7C9F-E997-01CF-18A79674A258}.USALIVE|Win32.Build.0 = Template|Win32
		{77A0B68B-7C9F-E997-01CF-18A79674A258}.USATEST|Win32.ActiveCfg = Template|Win32
		{77A0B68B-7C9F-E997-01CF-18A79674A258}.USATEST|Win32.Build.0 = Template|Win32
		{77A0B68B-7C9F-E997-01CF-18A79674A258}.WORLDEDITOR|Win32.ActiveCfg = Template|Win32
		{7F599A93-FEDC-C85B-B21F-AE031043F3F7}.BRZLIVE|Win32.ActiveCfg = WORLDEDITOR|Win32
		{7F599A93-FEDC-C85B-B21F-AE031043F3F7}.BRZLIVE|Win32.Build.0 = WORLDEDITOR|Win32
		{7F599A93-FEDC-C85B-B21F-AE031043F3F7}.BRZTEST|Win32.ActiveCfg = WORLDEDITOR|Win32
		{7F599A93-FEDC-C85B-B21F-AE031043F3F7}.BRZTEST|Win32.Build.0 = WORLDEDITOR|Win32
		{7F599A93-FEDC-C85B-B21F-AE031043F3F7}.Debug|Win32.ActiveCfg = Debug|Win32
		{7F599A93-FEDC-C85B-B21F-AE031043F3F7}.Debug|Win32.Build.0 = Debug|Win32
		{7F599A93-FEDC-C85B-B21F-AE031043F3F7}.DebugKalydo|Win32.ActiveCfg = Debug|Win32
		{7F599A93-FEDC-C85B-B21F-AE031043F3F7}.DebugKalydo|Win32.Build.0 = Debug|Win32
		{7F599A93-FEDC-C85B-B21F-AE031043F3F7}.DebugSkaStudio|Win32.ActiveCfg = Debug|Win32
		{7F599A93-FEDC-C85B-B21F-AE031043F3F7}.EU2LIVE|Win32.ActiveCfg = WORLDEDITOR|Win32
		{7F599A93-FEDC-C85B-B21F-AE031043F3F7}.EU2LIVE|Win32.Build.0 = WORLDEDITOR|Win32
		{7F599A93-FEDC-C85B-B21F-AE031043F3F7}.EU2TEST|Win32.ActiveCfg = WORLDEDITOR|Win32
		{7F599A93-FEDC-C85B-B21F-AE031043F3F7}.EU2TEST|Win32.Build.0 = WORLDEDITOR|Win32
		{7F599A93-FEDC-C85B-B21F-AE031043F3F7}.EU3LIVE|Win32.ActiveCfg = WORLDEDITOR|Win32
		{7F599A93-FEDC-C85B-B21F-AE031043F3F7}.EU3LIVE|Win32.Build.0 = WORLDEDITOR|Win32
		{7F599A93-FEDC-C85B-B21F-AE031043F3F7}.EU3TEST|Win32.ActiveCfg = WORLDEDITOR|Win32
		{7F599A93-FEDC-C85B-B21F-AE031043F3F7}.EU3TEST|Win32.Build.0 = WORLDEDITOR|Win32
		{7F599A93-FEDC-C85B-B21F-AE031043F3F7}.FinalDebug|Win32.ActiveCfg = Debug|Win32
		{7F599A93-FEDC-C85B-B21F-AE031043F3F7}.FinalDebug|Win32.Build.0 = Debug|Win32
		{7F599A93-FEDC-C85B-B21F-AE031043F3F7}.FinalRelease|Win32.ActiveCfg = Release|Win32
		{7F599A93-FEDC-C85B-B21F-AE031043F3F7}.FinalRelease|Win32.Build.0 = Release|Win32
		{7F599A93-FEDC-C85B-B21F-AE031043F3F7}.GERLIVE|Win32.ActiveCfg = WORLDEDITOR|Win32
		{7F599A93-FEDC-C85B-B21F-AE031043F3F7}.GERLIVE|Win32.Build.0 = WORLDEDITOR|Win32
		{7F599A93-FEDC-C85B-B21F-AE031043F3F7}.GERLIVEKalydo|Win32.ActiveCfg = WORLDEDITOR|Win32
		{7F599A93-FEDC-C85B-B21F-AE031043F3F7}.GERLIVEKalydo|Win32.Build.0 = WORLDEDITOR|Win32
		{7F599A93-FEDC-C85B-B21F-AE031043F3F7}.GERTEST|Win32.ActiveCfg = WORLDEDITOR|Win32
		{7F599A93-FEDC-C85B-B21F-AE031043F3F7}.GERTEST|Win32.Build.0 = WORLDEDITOR|Win32
		{7F599A93-FEDC-C85B-B21F-AE031043F3F7}.HKLIVE|Win32.ActiveCfg = WORLDEDITOR|Win32
		{7F599A93-FEDC-C85B-B21F-AE031043F3F7}.HKLIVE|Win32.Build.0 = WORLDEDITOR|Win32
		{7F599A93-FEDC-C85B-B21F-AE031043F3F7}.HKTEST|Win32.ActiveCfg = WORLDEDITOR|Win32
		{7F599A93-FEDC-C85B-B21F-AE031043F3F7}.HKTEST|Win32.Build.0 = WORLDEDITOR|Win32
		{7F599A93-FEDC-C85B-B21F-AE031043F3F7}.JPNLIVE|Win32.ActiveCfg = WORLDEDITOR|Win32
		{7F599A93-FEDC-C85B-B21F-AE031043F3F7}.JPNLIVE|Win32.Build.0 = WORLDEDITOR|Win32
		{7F599A93-FEDC-C85B-B21F-AE031043F3F7}.JPNTEST|Win32.ActiveCfg = WORLDEDITOR|Win32
		{7F599A93-FEDC-C85B-B21F-AE031043F3F7}.JPNTEST|Win32.Build.0 = WORLDEDITOR|Win32
		{7F599A93-FEDC-C85B-B21F-AE031043F3F7}.KORLIVE|Win32.ActiveCfg = WORLDEDITOR|Win32
		{7F599A93-FEDC-C85B-B21F-AE031043F3F7}.KORLIVE|Win32.Build.0 = WORLDEDITOR|Win32
		{7F599A93-FEDC-C85B-B21F-AE031043F3F7}.KORTEST|Win32.ActiveCfg = WORLDEDITOR|Win32
		{7F599A93-FEDC-C85B-B21F-AE031043F3F7}.KORTEST|Win32.Build.0 = WORLDEDITOR|Win32
		{7F599A93-FEDC-C85B-B21F-AE031043F3F7}.MAXLIVE|Win32.ActiveCfg = WORLDEDITOR|Win32
		{7F599A93-FEDC-C85B-B21F-AE031043F3F7}.MAXLIVE|Win32.Build.0 = WORLDEDITOR|Win32
		{7F599A93-FEDC-C85B-B21F-AE031043F3F7}.MAXTEST|Win32.ActiveCfg = WORLDEDITOR|Win32
		{7F599A93-FEDC-C85B-B21F-AE031043F3F7}.MAXTEST|Win32.Build.0 = WORLDEDITOR|Win32
		{7F599A93-FEDC-C85B-B21F-AE031043F3F7}.NETLIVE|Win32.ActiveCfg = WORLDEDITOR|Win32
		{7F599A93-FEDC-C85B-B21F-AE031043F3F7}.NETLIVE|Win32.Build.0 = WORLDEDITOR|Win32
		{7F599A93-FEDC-C85B-B21F-AE031043F3F7}.NETTEST|Win32.ActiveCfg = WORLDEDITOR|Win32
		{7F599A93-FEDC-C85B-B21F-AE031043F3F7}.NETTEST|Win32.Build.0 = WORLDEDITOR|Win32
		{7F599A93-FEDC-C85B-B21F-AE031043F3F7}.Release|Win32.ActiveCfg = Release|Win32
		{7F599A93-FEDC-C85B-B21F-AE031043F3F7}.Release|Win32.Build.0 = Release|Win32
		{7F599A93-FEDC-C85B-B21F-AE031043F3F7}.ReleaseKalydo|Win32.ActiveCfg = Release|Win32
		{7F599A93-FEDC-C85B-B21F-AE031043F3F7}.ReleaseKalydo|Win32.Build.0 = Release|Win32
		{7F599A93-FEDC-C85B-B21F-AE031043F3F7}.RUSLIVE|Win32.ActiveCfg = Release|Win32
		{7F599A93-FEDC-C85B-B21F-AE031043F3F7}.RUSLIVE|Win32.Build.0 = Release|Win32
		{7F599A93-FEDC-C85B-B21F-AE031043F3F7}.RUSTEST|Win32.ActiveCfg = Release|Win32
		{7F599A93-FEDC-C85B-B21F-AE031043F3F7}.RUSTEST|Win32.Build.0 = Release|Win32
		{7F599A93-FEDC-C85B-B21F-AE031043F3F7}.SkaStudio|Win32.ActiveCfg = SkaStudio|Win32
		{7F599A93-FEDC-C85B-B21F-AE031043F3F7}.Template|Win32.ActiveCfg = Template|Win32
		{7F599A93-FEDC-C85B-B21F-AE031043F3F7}.Template|Win32.Build.0 = Template|Win32
		{7F599A93-FEDC-C85B-B21F-AE031043F3F7}.THAILIVE|Win32.ActiveCfg = Template|Win32
		{7F599A93-FEDC-C85B-B21F-AE031043F3F7}.THAILIVE|Win32.Build.0 = Template|Win32
		{7F599A93-FEDC-C85B-B21F-AE031043F3F7}.THAITEST|Win32.ActiveCfg = Template|Win32
		{7F599A93-FEDC-C85B-B21F-AE031043F3F7}.THAITEST|Win32.Build.0 = Template|Win32
		{7F599A93-FEDC-C85B-B21F-AE031043F3F7}.USALIVE|Win32.ActiveCfg = WORLDEDITOR|Win32
		{7F599A93-FEDC-C85B-B21F-AE031043F3F7}.USALIVE|Win32.Build.0 = WORLDEDITOR|Win32
		{7F599A93-FEDC-C85B-B21F-AE031043F3F7}.USATEST|Win32.ActiveCfg = WORLDEDITOR|Win32
		{7F599A93-FEDC-C85B-B21F-AE031043F3F7}.USATEST|Win32.Build.0 = WORLDEDITOR|Win32
		{7F599A93-FEDC-C85B-B21F-AE031043F3F7}.WORLDEDITOR|Win32.ActiveCfg = WORLDEDITOR|Win32
		{E8E9EB8A-2AF9-34E7-BEA2-89DABCD62B09}.BRZLIVE|Win32.ActiveCfg = Template|Win32
		{E8E9EB8A-2AF9-34E7-BEA2-89DABCD62B09}.BRZLIVE|Win32.Build.0 = Template|Win32
		{E8E9EB8A-2AF9-34E7-BEA2-89DABCD62B09}.BRZTEST|Win32.ActiveCfg = Template|Win32
		{E8E9EB8A-2AF9-34E7-BEA2-89DABCD62B09}.BRZTEST|Win32.Build.0 = Template|Win32
		{E8E9EB8A-2AF9-34E7-BEA2-89DABCD62B09}.Debug|Win32.ActiveCfg = Debug|Win32
		{E8E9EB8A-2AF9-34E7-BEA2-89DABCD62B09}.Debug|Win32.Build.0 = Debug|Win32
		{E8E9EB8A-2AF9-34E7-BEA2-89DABCD62B09}.DebugKalydo|Win32.ActiveCfg = Debug|Win32
		{E8E9EB8A-2AF9-34E7-BEA2-89DABCD62B09}.DebugKalydo|Win32.Build.0 = Debug|Win32
		{E8E9EB8A-2AF9-34E7-BEA2-89DABCD62B09}.DebugSkaStudio|Win32.ActiveCfg = Debug|Win32
		{E8E9EB8A-2AF9-34E7-BEA2-89DABCD62B09}.EU2LIVE|Win32.ActiveCfg = Template|Win32
		{E8E9EB8A-2AF9-34E7-BEA2-89DABCD62B09}.EU2LIVE|Win32.Build.0 = Template|Win32
		{E8E9EB8A-2AF9-34E7-BEA2-89DABCD62B09}.EU2TEST|Win32.ActiveCfg = Template|Win32
		{E8E9EB8A-2AF9-34E7-BEA2-89DABCD62B09}.EU2TEST|Win32.Build.0 = Template|Win32
		{E8E9EB8A-2AF9-34E7-BEA2-89DABCD62B09}.EU3LIVE|Win32.ActiveCfg = Template|Win32
		{E8E9EB8A-2AF9-34E7-BEA2-89DABCD62B09}.EU3LIVE|Win32.Build.0 = Template|Win32
		{E8E9EB8A-2AF9-34E7-BEA2-89DABCD62B09}.EU3TEST|Win32.ActiveCfg = Template|Win32
		{E8E9EB8A-2AF9-34E7-BEA2-89DABCD62B09}.EU3TEST|Win32.Build.0 = Template|Win32
		{E8E9EB8A-2AF9-34E7-BEA2-89DABCD62B09}.FinalDebug|Win32.ActiveCfg = Debug|Win32
		{E8E9EB8A-2AF9-34E7-BEA2-89DABCD62B09}.FinalDebug|Win32.Build.0 = Debug|Win32
		{E8E9EB8A-2AF9-34E7-BEA2-89DABCD62B09}.FinalRelease|Win32.ActiveCfg = Release|Win32
		{E8E9EB8A-2AF9-34E7-BEA2-89DABCD62B09}.FinalRelease|Win32.Build.0 = Release|Win32
		{E8E9EB8A-2AF9-34E7-BEA2-89DABCD62B09}.GERLIVE|Win32.ActiveCfg = Template|Win32
		{E8E9EB8A-2AF9-34E7-BEA2-89DABCD62B09}.GERLIVE|Win32.Build.0 = Template|Win32
		{E8E9EB8A-2AF9-34E7-BEA2-89DABCD62B09}.GERLIVEKalydo|Win32.ActiveCfg = Template|Win32
		{E8E9EB8A-2AF9-34E7-BEA2-89DABCD62B09}.GERLIVEKalydo|Win32.Build.0 = Template|Win32
		{E8E9EB8A-2AF9-34E7-BEA2-89DABCD62B09}.GERTEST|Win32.ActiveCfg = Template|Win32
		{E8E9EB8A-2AF9-34E7-BEA2-89DABCD62B09}.GERTEST|Win32.Build.0 = Template|Win32
		{E8E9EB8A-2AF9-34E7-BEA2-89DABCD62B09}.HKLIVE|Win32.ActiveCfg = Template|Win32
		{E8E9EB8A-2AF9-34E7-BEA2-89DABCD62B09}.HKLIVE|Win32.Build.0 = Template|Win32
		{E8E9EB8A-2AF9-34E7-BEA2-89DABCD62B09}.HKTEST|Win32.ActiveCfg = Template|Win32
		{E8E9EB8A-2AF9-34E7-BEA2-89DABCD62B09}.HKTEST|Win32.Build.0 = Template|Win32
		{E8E9EB8A-2AF9-34E7-BEA2-89DABCD62B09}.JPNLIVE|Win32.ActiveCfg = Template|Win32
		{E8E9EB8A-2AF9-34E7-BEA2-89DABCD62B09}.JPNLIVE|Win32.Build.0 = Template|Win32
		{E8E9EB8A-2AF9-34E7-BEA2-89DABCD62B09}.JPNTEST|Win32.ActiveCfg = Template|Win32
		{E8E9EB8A-2AF9-34E7-BEA2-89DABCD62B09}.JPNTEST|Win32.Build.0 = Template|Win32
		{E8E9EB8A-2AF9-34E7-BEA2-89DABCD62B09}.KORLIVE|Win32.ActiveCfg = Template|Win32
		{E8E9EB8A-2AF9-34E7-BEA2-89DABCD62B09}.KORLIVE|Win32.Build.0 = Template|Win32
		{E8E9EB8A-2AF9-34E7-BEA2-89DABCD62B09}.KORTEST|Win32.ActiveCfg = Template|Win32
		{E8E9EB8A-2AF9-34E7-BEA2-89DABCD62B09}.KORTEST|Win32.Build.0 = Template|Win32
		{E8E9EB8A-2AF9-34E7-BEA2-89DABCD62B09}.MAXLIVE|Win32.ActiveCfg = Template|Win32
		{E8E9EB8A-2AF9-34E7-BEA2-89DABCD62B09}.MAXLIVE|Win32.Build.0 = Template|Win32
		{E8E9EB8A-2AF9-34E7-BEA2-89DABCD62B09}.MAXTEST|Win32.ActiveCfg = Template|Win32
		{E8E9EB8A-2AF9-34E7-BEA2-89DABCD62B09}.MAXTEST|Win32.Build.0 = Template|Win32
		{E8E9EB8A-2AF9-34E7-BEA2-89DABCD62B09}.NETLIVE|Win32.ActiveCfg = Template|Win32
		{E8E9EB8A-2AF9-34E7-BEA2-89DABCD62B09}.NETLIVE|Win32.Build.0 = Template|Win32
		{E8E9EB8A-2AF9-34E7-BEA2-89DABCD62B09}.NETTEST|Win32.ActiveCfg = Template|Win32
		{E8E9EB8A-2AF9-34E7-BEA2-89DABCD62B09}.NETTEST|Win32.Build.0 = Template|Win32
		{E8E9EB8A-2AF9-34E7-BEA2-89DABCD62B09}.Release|Win32.ActiveCfg = Release|Win32
		{E8E9EB8A-2AF9-34E7-BEA2-89DABCD62B09}.Release|Win32.Build.0 = Release|Win32
		{E8E9EB8A-2AF9-34E7-BEA2-89DABCD62B09}.ReleaseKalydo|Win32.ActiveCfg = Release|Win32
		{E8E9EB8A-2AF9-34E7-BEA2-89DABCD62B09}.ReleaseKalydo|Win32.Build.0 = Release|Win32
		{E8E9EB8A-2AF9-34E7-BEA2-89DABCD62B09}.RUSLIVE|Win32.ActiveCfg = Release|Win32
		{E8E9EB8A-2AF9-34E7-BEA2-89DABCD62B09}.RUSLIVE|Win32.Build.0 = Release|Win32
		{E8E9EB8A-2AF9-34E7-BEA2-89DABCD62B09}.RUSTEST|Win32.ActiveCfg = Release|Win32
		{E8E9EB8A-2AF9-34E7-BEA2-89DABCD62B09}.RUSTEST|Win32.Build.0 = Release|Win32
		{E8E9EB8A-2AF9-34E7-BEA2-89DABCD62B09}.SkaStudio|Win32.ActiveCfg = SkaStudio|Win32
		{E8E9EB8A-2AF9-34E7-BEA2-89DABCD62B09}.Template|Win32.ActiveCfg = Template|Win32
		{E8E9EB8A-2AF9-34E7-BEA2-89DABCD62B09}.Template|Win32.Build.0 = Template|Win32
		{E8E9EB8A-2AF9-34E7-BEA2-89DABCD62B09}.THAILIVE|Win32.ActiveCfg = Template|Win32
		{E8E9EB8A-2AF9-34E7-BEA2-89DABCD62B09}.THAILIVE|Win32.Build.0 = Template|Win32
		{E8E9EB8A-2AF9-34E7-BEA2-89DABCD62B09}.THAITEST|Win32.ActiveCfg = Template|Win32
		{E8E9EB8A-2AF9-34E7-BEA2-89DABCD62B09}.THAITEST|Win32.Build.0 = Template|Win32
		{E8E9EB8A-2AF9-34E7-BEA2-89DABCD62B09}.USALIVE|Win32.ActiveCfg = Template|Win32
		{E8E9EB8A-2AF9-34E7-BEA2-89DABCD62B09}.USALIVE|Win32.Build.0 = Template|Win32
		{E8E9EB8A-2AF9-34E7-BEA2-89DABCD62B09}.USATEST|Win32.ActiveCfg = Template|Win32
		{E8E9EB8A-2AF9-34E7-BEA2-89DABCD62B09}.USATEST|Win32.Build.0 = Template|Win32
		{E8E9EB8A-2AF9-34E7-BEA2-89DABCD62B09}.WORLDEDITOR|Win32.ActiveCfg = Template|Win32
		{4594EDE6-26D8-AF44-3C8A-8F598501C9A3}.BRZLIVE|Win32.ActiveCfg = WORLDEDITOR|Win32
		{4594EDE6-26D8-AF44-3C8A-8F598501C9A3}.BRZLIVE|Win32.Build.0 = WORLDEDITOR|Win32
		{4594EDE6-26D8-AF44-3C8A-8F598501C9A3}.BRZTEST|Win32.ActiveCfg = WORLDEDITOR|Win32
		{4594EDE6-26D8-AF44-3C8A-8F598501C9A3}.BRZTEST|Win32.Build.0 = WORLDEDITOR|Win32
		{4594EDE6-26D8-AF44-3C8A-8F598501C9A3}.Debug|Win32.ActiveCfg = Debug|Win32
		{4594EDE6-26D8-AF44-3C8A-8F598501C9A3}.Debug|Win32.Build.0 = Debug|Win32
		{4594EDE6-26D8-AF44-3C8A-8F598501C9A3}.DebugKalydo|Win32.ActiveCfg = Debug|Win32
		{4594EDE6-26D8-AF44-3C8A-8F598501C9A3}.DebugKalydo|Win32.Build.0 = Debug|Win32
		{4594EDE6-26D8-AF44-3C8A-8F598501C9A3}.DebugSkaStudio|Win32.ActiveCfg = DebugSkaStudio|Win32
		{4594EDE6-26D8-AF44-3C8A-8F598501C9A3}.DebugSkaStudio|Win32.Build.0 = DebugSkaStudio|Win32
		{4594EDE6-26D8-AF44-3C8A-8F598501C9A3}.EU2LIVE|Win32.ActiveCfg = WORLDEDITOR|Win32
		{4594EDE6-26D8-AF44-3C8A-8F598501C9A3}.EU2LIVE|Win32.Build.0 = WORLDEDITOR|Win32
		{4594EDE6-26D8-AF44-3C8A-8F598501C9A3}.EU2TEST|Win32.ActiveCfg = WORLDEDITOR|Win32
		{4594EDE6-26D8-AF44-3C8A-8F598501C9A3}.EU2TEST|Win32.Build.0 = WORLDEDITOR|Win32
		{4594EDE6-26D8-AF44-3C8A-8F598501C9A3}.EU3LIVE|Win32.ActiveCfg = WORLDEDITOR|Win32
		{4594EDE6-26D8-AF44-3C8A-8F598501C9A3}.EU3LIVE|Win32.Build.0 = WORLDEDITOR|Win32
		{4594EDE6-26D8-AF44-3C8A-8F598501C9A3}.EU3TEST|Win32.ActiveCfg = WORLDEDITOR|Win32
		{4594EDE6-26D8-AF44-3C8A-8F598501C9A3}.EU3TEST|Win32.Build.0 = WORLDEDITOR|Win32
		{4594EDE6-26D8-AF44-3C8A-8F598501C9A3}.FinalDebug|Win32.ActiveCfg = Debug|Win32
		{4594EDE6-26D8-AF44-3C8A-8F598501C9A3}.FinalDebug|Win32.Build.0 = Debug|Win32
		{4594EDE6-26D8-AF44-3C8A-8F598501C9A3}.FinalRelease|Win32.ActiveCfg = Release|Win32
		{4594EDE6-26D8-AF44-3C8A-8F598501C9A3}.FinalRelease|Win32.Build.0 = Release|Win32
		{4594EDE6-26D8-AF44-3C8A-8F598501C9A3}.GERLIVE|Win32.ActiveCfg = WORLDEDITOR|Win32
		{4594EDE6-26D8-AF44-3C8A-8F598501C9A3}.GERLIVE|Win32.Build.0 = WORLDEDITOR|Win32
		{4594EDE6-26D8-AF44-3C8A-8F598501C9A3}.GERLIVEKalydo|Win32.ActiveCfg = WORLDEDITOR|Win32
		{4594EDE6-26D8-AF44-3C8A-8F598501C9A3}.GERLIVEKalydo|Win32.Build.0 = WORLDEDITOR|Win32
		{4594EDE6-26D8-AF44-3C8A-8F598501C9A3}.GERTEST|Win32.ActiveCfg = WORLDEDITOR|Win32
		{4594EDE6-26D8-AF44-3C8A-8F598501C9A3}.GERTEST|Win32.Build.0 = WORLDEDITOR|Win32
		{4594EDE6-26D8-AF44-3C8A-8F598501C9A3}.HKLIVE|Win32.ActiveCfg = WORLDEDITOR|Win32
		{4594EDE6-26D8-AF44-3C8A-8F598501C9A3}.HKLIVE|Win32.Build.0 = WORLDEDITOR|Win32
		{4594EDE6-26D8-AF44-3C8A-8F598501C9A3}.HKTEST|Win32.ActiveCfg = WORLDEDITOR|Win32
		{4594EDE6-26D8-AF44-3C8A-8F598501C9A3}.HKTEST|Win32.Build.0 = WORLDEDITOR|Win32
		{4594EDE6-26D8-AF44-3C8A-8F598501C9A3}.JPNLIVE|Win32.ActiveCfg = WORLDEDITOR|Win32
		{4594EDE6-26D8-AF44-3C8A-8F598501C9A3}.JPNLIVE|Win32.Build.0 = WORLDEDITOR|Win32
		{4594EDE6-26D8-AF44-3C8A-8F598501C9A3}.JPNTEST|Win32.ActiveCfg = WORLDEDITOR|Win32
		{4594EDE6-26D8-AF44-3C8A-8F598501C9A3}.JPNTEST|Win32.Build.0 = WORLDEDITOR|Win32
		{4594EDE6-26D8-AF44-3C8A-8F598501C9A3}.KORLIVE|Win32.ActiveCfg = WORLDEDITOR|Win32
		{4594EDE6-26D8-AF44-3C8A-8F598501C9A3}.KORLIVE|Win32.Build.0 = WORLDEDITOR|Win32
		{4594EDE6-26D8-AF44-3C8A-8F598501C9A3}.KORTEST|Win32.ActiveCfg = WORLDEDITOR|Win32
		{4594EDE6-26D8-AF44-3C8A-8F598501C9A3}.KORTEST|Win32.Build.0 = WORLDEDITOR|Win32
		{4594EDE6-26D8-AF44-3C8A-8F598501C9A3}.MAXLIVE|Win32.ActiveCfg = WORLDEDITOR|Win32
		{4594EDE6-26D8-AF44-3C8A-8F598501C9A3}.MAXLIVE|Win32.Build.0 = WORLDEDITOR|Win32
		{4594EDE6-26D8-AF44-3C8A-8F598501C9A3}.MAXTEST|Win32.ActiveCfg = WORLDEDITOR|Win32
		{4594EDE6-26D8-AF44-3C8A-8F598501C9A3}.MAXTEST|Win32.Build.0 = WORLDEDITOR|Win32
		{4594EDE6-26D8-AF44-3C8A-8F598501C9A3}.NETLIVE|Win32.ActiveCfg = WORLDEDITOR|Win32
		{4594EDE6-26D8-AF44-3C8A-8F598501C9A3}.NETLIVE|Win32.Build.0 = WORLDEDITOR|Win32
		{4594EDE6-26D8-AF44-3C8A-8F598501C9A3}.NETTEST|Win32.ActiveCfg = WORLDEDITOR|Win32
		{4594EDE6-26D8-AF44-3C8A-8F598501C9A3}.NETTEST|Win32.Build.0 = WORLDEDITOR|Win32
		{4594EDE6-26D8-AF44-3C8A-8F598501C9A3}.Release|Win32.ActiveCfg = Release|Win32
		{4594EDE6-26D8-AF44-3C8A-8F598501C9A3}.Release|Win32.Build.0 = Release|Win32
		{4594EDE6-26D8-AF44-3C8A-8F598501C9A3}.ReleaseKalydo|Win32.ActiveCfg = Release|Win32
		{4594EDE6-26D8-AF44-3C8A-8F598501C9A3}.ReleaseKalydo|Win32.Build.0 = Release|Win32
		{4594EDE6-26D8-AF44-3C8A-8F598501C9A3}.RUSLIVE|Win32.ActiveCfg = Release|Win32
		{4594EDE6-26D8-AF44-3C8A-8F598501C9A3}.RUSLIVE|Win32.Build.0 = Release|Win32
		{4594EDE6-26D8-AF44-3C8A-8F598501C9A3}.RUSTEST|Win32.ActiveCfg = Release|Win32
		{4594EDE6-26D8-AF44-3C8A-8F598501C9A3}.RUSTEST|Win32.Build.0 = Release|Win32
		{4594EDE6-26D8-AF44-3C8A-8F598501C9A3}.SkaStudio|Win32.ActiveCfg = SkaStudio|Win32
		{4594EDE6-26D8-AF44-3C8A-8F598501C9A3}.SkaStudio|Win32.Build.0 = SkaStudio|Win32
		{4594EDE6-26D8-AF44-3C8A-8F598501C9A3}.Template|Win32.ActiveCfg = Template|Win32
		{4594EDE6-26D8-AF44-3C8A-8F598501C9A3}.Template|Win32.Build.0 = Template|Win32
		{4594EDE6-26D8-AF44-3C8A-8F598501C9A3}.THAILIVE|Win32.ActiveCfg = Template|Win32
		{4594EDE6-26D8-AF44-3C8A-8F598501C9A3}.THAILIVE|Win32.Build.0 = Template|Win32
		{4594EDE6-26D8-AF44-3C8A-8F598501C9A3}.THAITEST|Win32.ActiveCfg = Template|Win32
		{4594EDE6-26D8-AF44-3C8A-8F598501C9A3}.THAITEST|Win32.Build.0 = Template|Win32
		{4594EDE6-26D8-AF44-3C8A-8F598501C9A3}.USALIVE|Win32.ActiveCfg = WORLDEDITOR|Win32
		{4594EDE6-26D8-AF44-3C8A-8F598501C9A3}.USALIVE|Win32.Build.0 = WORLDEDITOR|Win32
		{4594EDE6-26D8-AF44-3C8A-8F598501C9A3}.USATEST|Win32.ActiveCfg = WORLDEDITOR|Win32
		{4594EDE6-26D8-AF44-3C8A-8F598501C9A3}.USATEST|Win32.Build.0 = WORLDEDITOR|Win32
		{4594EDE6-26D8-AF44-3C8A-8F598501C9A3}.WORLDEDITOR|Win32.ActiveCfg = WORLDEDITOR|Win32
		{4594EDE6-26D8-AF44-3C8A-8F598501C9A3}.WORLDEDITOR|Win32.Build.0 = WORLDEDITOR|Win32
		{6703FF0E-0081-684A-BD4E-AEAF4904BCAB}.BRZLIVE|Win32.ActiveCfg = BRZLIVE|Win32
		{6703FF0E-0081-684A-BD4E-AEAF4904BCAB}.BRZLIVE|Win32.Build.0 = BRZLIVE|Win32
		{6703FF0E-0081-684A-BD4E-AEAF4904BCAB}.BRZTEST|Win32.ActiveCfg = BRZLIVE|Win32
		{6703FF0E-0081-684A-BD4E-AEAF4904BCAB}.BRZTEST|Win32.Build.0 = BRZLIVE|Win32
		{6703FF0E-0081-684A-BD4E-AEAF4904BCAB}.Debug|Win32.ActiveCfg = Debug|Win32
		{6703FF0E-0081-684A-BD4E-AEAF4904BCAB}.Debug|Win32.Build.0 = Debug|Win32
		{6703FF0E-0081-684A-BD4E-AEAF4904BCAB}.DebugKalydo|Win32.ActiveCfg = DebugKalydo|Win32
		{6703FF0E-0081-684A-BD4E-AEAF4904BCAB}.DebugKalydo|Win32.Build.0 = DebugKalydo|Win32
		{6703FF0E-0081-684A-BD4E-AEAF4904BCAB}.DebugSkaStudio|Win32.ActiveCfg = DebugSkaStudio|Win32
		{6703FF0E-0081-684A-BD4E-AEAF4904BCAB}.DebugSkaStudio|Win32.Build.0 = DebugSkaStudio|Win32
		{6703FF0E-0081-684A-BD4E-AEAF4904BCAB}.EU2LIVE|Win32.ActiveCfg = SkaStudio|Win32
		{6703FF0E-0081-684A-BD4E-AEAF4904BCAB}.EU2LIVE|Win32.Build.0 = SkaStudio|Win32
		{6703FF0E-0081-684A-BD4E-AEAF4904BCAB}.EU2TEST|Win32.ActiveCfg = SkaStudio|Win32
		{6703FF0E-0081-684A-BD4E-AEAF4904BCAB}.EU2TEST|Win32.Build.0 = SkaStudio|Win32
		{6703FF0E-0081-684A-BD4E-AEAF4904BCAB}.EU3LIVE|Win32.ActiveCfg = SkaStudio|Win32
		{6703FF0E-0081-684A-BD4E-AEAF4904BCAB}.EU3LIVE|Win32.Build.0 = SkaStudio|Win32
		{6703FF0E-0081-684A-BD4E-AEAF4904BCAB}.EU3TEST|Win32.ActiveCfg = SkaStudio|Win32
		{6703FF0E-0081-684A-BD4E-AEAF4904BCAB}.EU3TEST|Win32.Build.0 = SkaStudio|Win32
		{6703FF0E-0081-684A-BD4E-AEAF4904BCAB}.FinalDebug|Win32.ActiveCfg = Debug|Win32
		{6703FF0E-0081-684A-BD4E-AEAF4904BCAB}.FinalDebug|Win32.Build.0 = Debug|Win32
		{6703FF0E-0081-684A-BD4E-AEAF4904BCAB}.FinalRelease|Win32.ActiveCfg = SkaStudio|Win32
		{6703FF0E-0081-684A-BD4E-AEAF4904BCAB}.FinalRelease|Win32.Build.0 = SkaStudio|Win32
		{6703FF0E-0081-684A-BD4E-AEAF4904BCAB}.GERLIVE|Win32.ActiveCfg = GERLIVE|Win32
		{6703FF0E-0081-684A-BD4E-AEAF4904BCAB}.GERLIVE|Win32.Build.0 = GERLIVE|Win32
		{6703FF0E-0081-684A-BD4E-AEAF4904BCAB}.GERLIVEKalydo|Win32.ActiveCfg = GERLIVEKalydo|Win32
		{6703FF0E-0081-684A-BD4E-AEAF4904BCAB}.GERLIVEKalydo|Win32.Build.0 = GERLIVEKalydo|Win32
		{6703FF0E-0081-684A-BD4E-AEAF4904BCAB}.GERTEST|Win32.ActiveCfg = GERLIVE|Win32
		{6703FF0E-0081-684A-BD4E-AEAF4904BCAB}.GERTEST|Win32.Build.0 = GERLIVE|Win32
		{6703FF0E-0081-684A-BD4E-AEAF4904BCAB}.HKLIVE|Win32.ActiveCfg = SkaStudio|Win32
		{6703FF0E-0081-684A-BD4E-AEAF4904BCAB}.HKLIVE|Win32.Build.0 = SkaStudio|Win32
		{6703FF0E-0081-684A-BD4E-AEAF4904BCAB}.HKTEST|Win32.ActiveCfg = SkaStudio|Win32
		{6703FF0E-0081-684A-BD4E-AEAF4904BCAB}.HKTEST|Win32.Build.0 = SkaStudio|Win32
		{6703FF0E-0081-684A-BD4E-AEAF4904BCAB}.JPNLIVE|Win32.ActiveCfg = SkaStudio|Win32
		{6703FF0E-0081-684A-BD4E-AEAF4904BCAB}.JPNLIVE|Win32.Build.0 = SkaStudio|Win32
		{6703FF0E-0081-684A-BD4E-AEAF4904BCAB}.JPNTEST|Win32.ActiveCfg = SkaStudio|Win32
		{6703FF0E-0081-684A-BD4E-AEAF4904BCAB}.JPNTEST|Win32.Build.0 = SkaStudio|Win32
		{6703FF0E-0081-684A-BD4E-AEAF4904BCAB}.KORLIVE|Win32.ActiveCfg = KORTEST|Win32
		{6703FF0E-0081-684A-BD4E-AEAF4904BCAB}.KORLIVE|Win32.Build.0 = KORTEST|Win32
		{6703FF0E-0081-684A-BD4E-AEAF4904BCAB}.KORTEST|Win32.ActiveCfg = KORTEST|Win32
		{6703FF0E-0081-684A-BD4E-AEAF4904BCAB}.KORTEST|Win32.Build.0 = KORTEST|Win32
		{6703FF0E-0081-684A-BD4E-AEAF4904BCAB}.MAXLIVE|Win32.ActiveCfg = MAXLIVE|Win32
		{6703FF0E-0081-684A-BD4E-AEAF4904BCAB}.MAXLIVE|Win32.Build.0 = MAXLIVE|Win32
		{6703FF0E-0081-684A-BD4E-AEAF4904BCAB}.MAXTEST|Win32.ActiveCfg = MAXLIVE|Win32
		{6703FF0E-0081-684A-BD4E-AEAF4904BCAB}.MAXTEST|Win32.Build.0 = MAXLIVE|Win32
		{6703FF0E-0081-684A-BD4E-AEAF4904BCAB}.NETLIVE|Win32.ActiveCfg = SkaStudio|Win32
		{6703FF0E-0081-684A-BD4E-AEAF4904BCAB}.NETLIVE|Win32.Build.0 = SkaStudio|Win32
		{6703FF0E-0081-684A-BD4E-AEAF4904BCAB}.NETTEST|Win32.ActiveCfg = SkaStudio|Win32
		{6703FF0E-0081-684A-BD4E-AEAF4904BCAB}.NETTEST|Win32.Build.0 = SkaStudio|Win32
		{6703FF0E-0081-684A-BD4E-AEAF4904BCAB}.Release|Win32.ActiveCfg = ReleaseKalydo|Win32
		{6703FF0E-0081-684A-BD4E-AEAF4904BCAB}.Release|Win32.Build.0 = ReleaseKalydo|Win32
		{6703FF0E-0081-684A-BD4E-AEAF4904BCAB}.ReleaseKalydo|Win32.ActiveCfg = ReleaseKalydo|Win32
		{6703FF0E-0081-684A-BD4E-AEAF4904BCAB}.ReleaseKalydo|Win32.Build.0 = ReleaseKalydo|Win32
		{6703FF0E-0081-684A-BD4E-AEAF4904BCAB}.RUSLIVE|Win32.ActiveCfg = RUSLIVE|Win32
		{6703FF0E-0081-684A-BD4E-AEAF4904BCAB}.RUSLIVE|Win32.Build.0 = RUSLIVE|Win32
		{6703FF0E-0081-684A-BD4E-AEAF4904BCAB}.RUSTEST|Win32.ActiveCfg = RUSLIVE|Win32
		{6703FF0E-0081-684A-BD4E-AEAF4904BCAB}.RUSTEST|Win32.Build.0 = RUSLIVE|Win32
		{6703FF0E-0081-684A-BD4E-AEAF4904BCAB}.SkaStudio|Win32.ActiveCfg = SkaStudio|Win32
		{6703FF0E-0081-684A-BD4E-AEAF4904BCAB}.SkaStudio|Win32.Build.0 = SkaStudio|Win32
		{6703FF0E-0081-684A-BD4E-AEAF4904BCAB}.Template|Win32.ActiveCfg = Template|Win32
		{6703FF0E-0081-684A-BD4E-AEAF4904BCAB}.Template|Win32.Build.0 = Template|Win32
		{6703FF0E-0081-684A-BD4E-AEAF4904BCAB}.THAILIVE|Win32.ActiveCfg = THAILIVE|Win32
		{6703FF0E-0081-684A-BD4E-AEAF4904BCAB}.THAILIVE|Win32.Build.0 = THAILIVE|Win32
		{6703FF0E-0081-684A-BD4E-AEAF4904BCAB}.THAITEST|Win32.ActiveCfg = THAILIVE|Win32
		{6703FF0E-0081-684A-BD4E-AEAF4904BCAB}.THAITEST|Win32.Build.0 = THAILIVE|Win32
		{6703FF0E-0081-684A-BD4E-AEAF4904BCAB}.USALIVE|Win32.ActiveCfg = USALIVE|Win32
		{6703FF0E-0081-684A-BD4E-AEAF4904BCAB}.USALIVE|Win32.Build.0 = USALIVE|Win32
		{6703FF0E-0081-684A-BD4E-AEAF4904BCAB}.USATEST|Win32.ActiveCfg = USALIVE|Win32
		{6703FF0E-0081-684A-BD4E-AEAF4904BCAB}.USATEST|Win32.Build.0 = USALIVE|Win32
		{6703FF0E-0081-684A-BD4E-AEAF4904BCAB}.WORLDEDITOR|Win32.ActiveCfg = WORLDEDITOR|Win32
		{6703FF0E-0081-684A-BD4E-AEAF4904BCAB}.WORLDEDITOR|Win32.Build.0 = WORLDEDITOR|Win32
		{0C5F8CEC-7513-729B-32E3-00ADAD94FD39}.BRZLIVE|Win32.ActiveCfg = WORLDEDITOR|Win32
		{0C5F8CEC-7513-729B-32E3-00ADAD94FD39}.BRZLIVE|Win32.Build.0 = WORLDEDITOR|Win32
		{0C5F8CEC-7513-729B-32E3-00ADAD94FD39}.BRZTEST|Win32.ActiveCfg = WORLDEDITOR|Win32
		{0C5F8CEC-7513-729B-32E3-00ADAD94FD39}.BRZTEST|Win32.Build.0 = WORLDEDITOR|Win32
		{0C5F8CEC-7513-729B-32E3-00ADAD94FD39}.Debug|Win32.ActiveCfg = Debug|Win32
		{0C5F8CEC-7513-729B-32E3-00ADAD94FD39}.Debug|Win32.Build.0 = Debug|Win32
		{0C5F8CEC-7513-729B-32E3-00ADAD94FD39}.DebugKalydo|Win32.ActiveCfg = Debug|Win32
		{0C5F8CEC-7513-729B-32E3-00ADAD94FD39}.DebugKalydo|Win32.Build.0 = Debug|Win32
		{0C5F8CEC-7513-729B-32E3-00ADAD94FD39}.DebugSkaStudio|Win32.ActiveCfg = SkaStudio|Win32
		{0C5F8CEC-7513-729B-32E3-00ADAD94FD39}.EU2LIVE|Win32.ActiveCfg = WORLDEDITOR|Win32
		{0C5F8CEC-7513-729B-32E3-00ADAD94FD39}.EU2LIVE|Win32.Build.0 = WORLDEDITOR|Win32
		{0C5F8CEC-7513-729B-32E3-00ADAD94FD39}.EU2TEST|Win32.ActiveCfg = WORLDEDITOR|Win32
		{0C5F8CEC-7513-729B-32E3-00ADAD94FD39}.EU2TEST|Win32.Build.0 = WORLDEDITOR|Win32
		{0C5F8CEC-7513-729B-32E3-00ADAD94FD39}.EU3LIVE|Win32.ActiveCfg = WORLDEDITOR|Win32
		{0C5F8CEC-7513-729B-32E3-00ADAD94FD39}.EU3LIVE|Win32.Build.0 = WORLDEDITOR|Win32
		{0C5F8CEC-7513-729B-32E3-00ADAD94FD39}.EU3TEST|Win32.ActiveCfg = WORLDEDITOR|Win32
		{0C5F8CEC-7513-729B-32E3-00ADAD94FD39}.EU3TEST|Win32.Build.0 = WORLDEDITOR|Win32
		{0C5F8CEC-7513-729B-32E3-00ADAD94FD39}.FinalDebug|Win32.ActiveCfg = Debug|Win32
		{0C5F8CEC-7513-729B-32E3-00ADAD94FD39}.FinalDebug|Win32.Build.0 = Debug|Win32
		{0C5F8CEC-7513-729B-32E3-00ADAD94FD39}.FinalRelease|Win32.ActiveCfg = Release|Win32
		{0C5F8CEC-7513-729B-32E3-00ADAD94FD39}.FinalRelease|Win32.Build.0 = Release|Win32
		{0C5F8CEC-7513-729B-32E3-00ADAD94FD39}.GERLIVE|Win32.ActiveCfg = WORLDEDITOR|Win32
		{0C5F8CEC-7513-729B-32E3-00ADAD94FD39}.GERLIVE|Win32.Build.0 = WORLDEDITOR|Win32
		{0C5F8CEC-7513-729B-32E3-00ADAD94FD39}.GERLIVEKalydo|Win32.ActiveCfg = WORLDEDITOR|Win32
		{0C5F8CEC-7513-729B-32E3-00ADAD94FD39}.GERLIVEKalydo|Win32.Build.0 = WORLDEDITOR|Win32
		{0C5F8CEC-7513-729B-32E3-00ADAD94FD39}.GERTEST|Win32.ActiveCfg = WORLDEDITOR|Win32
		{0C5F8CEC-7513-729B-32E3-00ADAD94FD39}.GERTEST|Win32.Build.0 = WORLDEDITOR|Win32
		{0C5F8CEC-7513-729B-32E3-00ADAD94FD39}.HKLIVE|Win32.ActiveCfg = WORLDEDITOR|Win32
		{0C5F8CEC-7513-729B-32E3-00ADAD94FD39}.HKLIVE|Win32.Build.0 = WORLDEDITOR|Win32
		{0C5F8CEC-7513-729B-32E3-00ADAD94FD39}.HKTEST|Win32.ActiveCfg = WORLDEDITOR|Win32
		{0C5F8CEC-7513-729B-32E3-00ADAD94FD39}.HKTEST|Win32.Build.0 = WORLDEDITOR|Win32
		{0C5F8CEC-7513-729B-32E3-00ADAD94FD39}.JPNLIVE|Win32.ActiveCfg = WORLDEDITOR|Win32
		{0C5F8CEC-7513-729B-32E3-00ADAD94FD39}.JPNLIVE|Win32.Build.0 = WORLDEDITOR|Win32
		{0C5F8CEC-7513-729B-32E3-00ADAD94FD39}.JPNTEST|Win32.ActiveCfg = WORLDEDITOR|Win32
		{0C5F8CEC-7513-729B-32E3-00ADAD94FD39}.JPNTEST|Win32.Build.0 = WORLDEDITOR|Win32
		{0C5F8CEC-7513-729B-32E3-00ADAD94FD39}.KORLIVE|Win32.ActiveCfg = WORLDEDITOR|Win32
		{0C5F8CEC-7513-729B-32E3-00ADAD94FD39}.KORLIVE|Win32.Build.0 = WORLDEDITOR|Win32
		{0C5F8CEC-7513-729B-32E3-00ADAD94FD39}.KORTEST|Win32.ActiveCfg = WORLDEDITOR|Win32
		{0C5F8CEC-7513-729B-32E3-00ADAD94FD39}.KORTEST|Win32.Build.0 = WORLDEDITOR|Win32
		{0C5F8CEC-7513-729B-32E3-00ADAD94FD39}.MAXLIVE|Win32.ActiveCfg = WORLDEDITOR|Win32
		{0C5F8CEC-7513-729B-32E3-00ADAD94FD39}.MAXLIVE|Win32.Build.0 = WORLDEDITOR|Win32
		{0C5F8CEC-7513-729B-32E3-00ADAD94FD39}.MAXTEST|Win32.ActiveCfg = WORLDEDITOR|Win32
		{0C5F8CEC-7513-729B-32E3-00ADAD94FD39}.MAXTEST|Win32.Build.0 = WORLDEDITOR|Win32
		{0C5F8CEC-7513-729B-32E3-00ADAD94FD39}.NETLIVE|Win32.ActiveCfg = WORLDEDITOR|Win32
		{0C5F8CEC-7513-729B-32E3-00ADAD94FD39}.NETLIVE|Win32.Build.0 = WORLDEDITOR|Win32
		{0C5F8CEC-7513-729B-32E3-00ADAD94FD39}.NETTEST|Win32.ActiveCfg = WORLDEDITOR|Win32
		{0C5F8CEC-7513-729B-32E3-00ADAD94FD39}.NETTEST|Win32.Build.0 = WORLDEDITOR|Win32
		{0C5F8CEC-7513-729B-32E3-00ADAD94FD39}.Release|Win32.ActiveCfg = Release|Win32
		{0C5F8CEC-7513-729B-32E3-00ADAD94FD39}.Release|Win32.Build.0 = Release|Win32
		{0C5F8CEC-7513-729B-32E3-00ADAD94FD39}.ReleaseKalydo|Win32.ActiveCfg = Release|Win32
		{0C5F8CEC-7513-729B-32E3-00ADAD94FD39}.ReleaseKalydo|Win32.Build.0 = Release|Win32
		{0C5F8CEC-7513-729B-32E3-00ADAD94FD39}.RUSLIVE|Win32.ActiveCfg = Release|Win32
		{0C5F8CEC-7513-729B-32E3-00ADAD94FD39}.RUSLIVE|Win32.Build.0 = Release|Win32
		{0C5F8CEC-7513-729B-32E3-00ADAD94FD39}.RUSTEST|Win32.ActiveCfg = Release|Win32
		{0C5F8CEC-7513-729B-32E3-00ADAD94FD39}.RUSTEST|Win32.Build.0 = Release|Win32
		{0C5F8CEC-7513-729B-32E3-00ADAD94FD39}.SkaStudio|Win32.ActiveCfg = SkaStudio|Win32
		{0C5F8CEC-7513-729B-32E3-00ADAD94FD39}.Template|Win32.ActiveCfg = Template|Win32
		{0C5F8CEC-7513-729B-32E3-00ADAD94FD39}.Template|Win32.Build.0 = Template|Win32
		{0C5F8CEC-7513-729B-32E3-00ADAD94FD39}.THAILIVE|Win32.ActiveCfg = Template|Win32
		{0C5F8CEC-7513-729B-32E3-00ADAD94FD39}.THAILIVE|Win32.Build.0 = Template|Win32
		{0C5F8CEC-7513-729B-32E3-00ADAD94FD39}.THAITEST|Win32.ActiveCfg = Template|Win32
		{0C5F8CEC-7513-729B-32E3-00ADAD94FD39}.THAITEST|Win32.Build.0 = Template|Win32
		{0C5F8CEC-7513-729B-32E3-00ADAD94FD39}.USALIVE|Win32.ActiveCfg = WORLDEDITOR|Win32
		{0C5F8CEC-7513-729B-32E3-00ADAD94FD39}.USALIVE|Win32.Build.0 = WORLDEDITOR|Win32
		{0C5F8CEC-7513-729B-32E3-00ADAD94FD39}.USATEST|Win32.ActiveCfg = WORLDEDITOR|Win32
		{0C5F8CEC-7513-729B-32E3-00ADAD94FD39}.USATEST|Win32.Build.0 = WORLDEDITOR|Win32
		{0C5F8CEC-7513-729B-32E3-00ADAD94FD39}.WORLDEDITOR|Win32.ActiveCfg = WORLDEDITOR|Win32
		{A3109CCC-B83D-4D6C-A214-03C10084F276}.BRZLIVE|Win32.ActiveCfg = Release|Win32
		{A3109CCC-B83D-4D6C-A214-03C10084F276}.BRZLIVE|Win32.Build.0 = Release|Win32
		{A3109CCC-B83D-4D6C-A214-03C10084F276}.BRZTEST|Win32.ActiveCfg = Release|Win32
		{A3109CCC-B83D-4D6C-A214-03C10084F276}.BRZTEST|Win32.Build.0 = Release|Win32
		{A3109CCC-B83D-4D6C-A214-03C10084F276}.Debug|Win32.ActiveCfg = Debug|Win32
		{A3109CCC-B83D-4D6C-A214-03C10084F276}.Debug|Win32.Build.0 = Debug|Win32
		{A3109CCC-B83D-4D6C-A214-03C10084F276}.DebugKalydo|Win32.ActiveCfg = Debug|Win32
		{A3109CCC-B83D-4D6C-A214-03C10084F276}.DebugKalydo|Win32.Build.0 = Debug|Win32
		{A3109CCC-B83D-4D6C-A214-03C10084F276}.DebugSkaStudio|Win32.ActiveCfg = Debug|Win32
		{A3109CCC-B83D-4D6C-A214-03C10084F276}.DebugSkaStudio|Win32.Build.0 = Debug|Win32
		{A3109CCC-B83D-4D6C-A214-03C10084F276}.EU2LIVE|Win32.ActiveCfg = Release|Win32
		{A3109CCC-B83D-4D6C-A214-03C10084F276}.EU2LIVE|Win32.Build.0 = Release|Win32
		{A3109CCC-B83D-4D6C-A214-03C10084F276}.EU2TEST|Win32.ActiveCfg = Release|Win32
		{A3109CCC-B83D-4D6C-A214-03C10084F276}.EU2TEST|Win32.Build.0 = Release|Win32
		{A3109CCC-B83D-4D6C-A214-03C10084F276}.EU3LIVE|Win32.ActiveCfg = Release|Win32
		{A3109CCC-B83D-4D6C-A214-03C10084F276}.EU3LIVE|Win32.Build.0 = Release|Win32
		{A3109CCC-B83D-4D6C-A214-03C10084F276}.EU3TEST|Win32.ActiveCfg = Release|Win32
		{A3109CCC-B83D-4D6C-A214-03C10084F276}.EU3TEST|Win32.Build.0 = Release|Win32
		{A3109CCC-B83D-4D6C-A214-03C10084F276}.FinalDebug|Win32.ActiveCfg = Debug|Win32
		{A3109CCC-B83D-4D6C-A214-03C10084F276}.FinalDebug|Win32.Build.0 = Debug|Win32
		{A3109CCC-B83D-4D6C-A214-03C10084F276}.FinalRelease|Win32.ActiveCfg = Release|Win32
		{A3109CCC-B83D-4D6C-A214-03C10084F276}.FinalRelease|Win32.Build.0 = Release|Win32
		{A3109CCC-B83D-4D6C-A214-03C10084F276}.GERLIVE|Win32.ActiveCfg = Release|Win32
		{A3109CCC-B83D-4D6C-A214-03C10084F276}.GERLIVE|Win32.Build.0 = Release|Win32
		{A3109CCC-B83D-4D6C-A214-03C10084F276}.GERLIVEKalydo|Win32.ActiveCfg = Release|Win32
		{A3109CCC-B83D-4D6C-A214-03C10084F276}.GERLIVEKalydo|Win32.Build.0 = Release|Win32
		{A3109CCC-B83D-4D6C-A214-03C10084F276}.GERTEST|Win32.ActiveCfg = Release|Win32
		{A3109CCC-B83D-4D6C-A214-03C10084F276}.GERTEST|Win32.Build.0 = Release|Win32
		{A3109CCC-B83D-4D6C-A214-03C10084F276}.HKLIVE|Win32.ActiveCfg = Release|Win32
		{A3109CCC-B83D-4D6C-A214-03C10084F276}.HKLIVE|Win32.Build.0 = Release|Win32
		{A3109CCC-B83D-4D6C-A214-03C10084F276}.HKTEST|Win32.ActiveCfg = Release|Win32
		{A3109CCC-B83D-4D6C-A214-03C10084F276}.HKTEST|Win32.Build.0 = Release|Win32
		{A3109CCC-B83D-4D6C-A214-03C10084F276}.JPNLIVE|Win32.ActiveCfg = Release|Win32
		{A3109CCC-B83D-4D6C-A214-03C10084F276}.JPNLIVE|Win32.Build.0 = Release|Win32
		{A3109CCC-B83D-4D6C-A214-03C10084F276}.JPNTEST|Win32.ActiveCfg = Release|Win32
		{A3109CCC-B83D-4D6C-A214-03C10084F276}.JPNTEST|Win32.Build.0 = Release|Win32
		{A3109CCC-B83D-4D6C-A214-03C10084F276}.KORLIVE|Win32.ActiveCfg = Release|Win32
		{A3109CCC-B83D-4D6C-A214-03C10084F276}.KORLIVE|Win32.Build.0 = Release|Win32
		{A3109CCC-B83D-4D6C-A214-03C10084F276}.KORTEST|Win32.ActiveCfg = Release|Win32
		{A3109CCC-B83D-4D6C-A214-03C10084F276}.KORTEST|Win32.Build.0 = Release|Win32
		{A3109CCC-B83D-4D6C-A214-03C10084F276}.MAXLIVE|Win32.ActiveCfg = Release|Win32
		{A3109CCC-B83D-4D6C-A214-03C10084F276}.MAXLIVE|Win32.Build.0 = Release|Win32
		{A3109CCC-B83D-4D6C-A214-03C10084F276}.MAXTEST|Win32.ActiveCfg = Release|Win32
		{A3109CCC-B83D-4D6C-A214-03C10084F276}.MAXTEST|Win32.Build.0 = Release|Win32
		{A3109CCC-B83D-4D6C-A214-03C10084F276}.NETLIVE|Win32.ActiveCfg = Release|Win32
		{A3109CCC-B83D-4D6C-A214-03C10084F276}.NETLIVE|Win32.Build.0 = Release|Win32
		{A3109CCC-B83D-4D6C-A214-03C10084F276}.NETTEST|Win32.ActiveCfg = Release|Win32
		{A3109CCC-B83D-4D6C-A214-03C10084F276}.NETTEST|Win32.Build.0 = Release|Win32
		{A3109CCC-B83D-4D6C-A214-03C10084F276}.Release|Win32.ActiveCfg = Release|Win32
		{A3109CCC-B83D-4D6C-A214-03C10084F276}.Release|Win32.Build.0 = Release|Win32
		{A3109CCC-B83D-4D6C-A214-03C10084F276}.ReleaseKalydo|Win32.ActiveCfg = Release|Win32
		{A3109CCC-B83D-4D6C-A214-03C10084F276}.ReleaseKalydo|Win32.Build.0 = Release|Win32
		{A3109CCC-B83D-4D6C-A214-03C10084F276}.RUSLIVE|Win32.ActiveCfg = Release|Win32
		{A3109CCC-B83D-4D6C-A214-03C10084F276}.RUSLIVE|Win32.Build.0 = Release|Win32
		{A3109CCC-B83D-4D6C-A214-03C10084F276}.RUSTEST|Win32.ActiveCfg = Release|Win32
		{A3109CCC-B83D-4D6C-A214-03C10084F276}.RUSTEST|Win32.Build.0 = Release|Win32
		{A3109CCC-B83D-4D6C-A214-03C10084F276}.SkaStudio|Win32.ActiveCfg = SkaStudio|Win32
		{A3109CCC-B83D-4D6C-A214-03C10084F276}.Template|Win32.ActiveCfg = Release|Win32
		{A3109CCC-B83D-4D6C-A214-03C10084F276}.Template|Win32.Build.0 = Release|Win32
		{A3109CCC-B83D-4D6C-A214-03C10084F276}.THAILIVE|Win32.ActiveCfg = Release|Win32
		{A3109CCC-B83D-4D6C-A214-03C10084F276}.THAILIVE|Win32.Build.0 = Release|Win32
		{A3109CCC-B83D-4D6C-A214-03C10084F276}.THAITEST|Win32.ActiveCfg = Release|Win32
		{A3109CCC-B83D-4D6C-A214-03C10084F276}.THAITEST|Win32.Build.0 = Release|Win32
		{A3109CCC-B83D-4D6C-A214-03C10084F276}.USALIVE|Win32.ActiveCfg = Release|Win32
		{A3109CCC-B83D-4D6C-A214-03C10084F276}.USALIVE|Win32.Build.0 = Release|Win32
		{A3109CCC-B83D-4D6C-A214-03C10084F276}.USATEST|Win32.ActiveCfg = Release|Win32
		{A3109CCC-B83D-4D6C-A214-03C10084F276}.USATEST|Win32.Build.0 = Release|Win32
		{A3109CCC-B83D-4D6C-A214-03C10084F276}.WORLDEDITOR|Win32.ActiveCfg = Release|Win32
	EndGlobalSection
	GlobalSection(SolutionProperties) = preSolution
		HideSolutionNode = FALSE
	EndGlobalSection
EndGlobal
