
Microsoft Visual Studio Solution File, Format Version 12.00
# Visual Studio 2013
VisualStudioVersion = 12.0.21005.1
MinimumVisualStudioVersion = 10.0.40219.1
Project("{8BC9CEB8-8B4A-11D0-8D11-00A0C91BC942}") = "Engine", "Engine.vcxproj", "{40FD88E6-03E9-4CA4-BED6-806F85850A66}"
EndProject
Global
	GlobalSection(SolutionConfigurationPlatforms) = preSolution
		Debug|Win32 = Debug|Win32
		FinalDebug|Win32 = FinalDebug|Win32
		FinalRelease|Win32 = FinalRelease|Win32
		Release|Win32 = Release|Win32
	EndGlobalSection
	GlobalSection(ProjectConfigurationPlatforms) = postSolution
		{40FD88E6-03E9-4CA4-BED6-806F85850A66}.Debug|Win32.ActiveCfg = Debug|Win32
		{40FD88E6-03E9-4CA4-BED6-806F85850A66}.Debug|Win32.Build.0 = Debug|Win32
		{40FD88E6-03E9-4CA4-BED6-806F85850A66}.FinalDebug|Win32.ActiveCfg = FinalDebug|Win32
		{40FD88E6-03E9-4CA4-BED6-806F85850A66}.FinalDebug|Win32.Build.0 = FinalDebug|Win32
		{40FD88E6-03E9-4CA4-BED6-806F85850A66}.FinalRelease|Win32.ActiveCfg = FinalRelease|Win32
		{40FD88E6-03E9-4CA4-BED6-806F85850A66}.FinalRelease|Win32.Build.0 = FinalRelease|Win32
		{40FD88E6-03E9-4CA4-BED6-806F85850A66}.Release|Win32.ActiveCfg = Release|Win32
		{40FD88E6-03E9-4CA4-BED6-806F85850A66}.Release|Win32.Build.0 = Release|Win32
	EndGlobalSection
	GlobalSection(SolutionProperties) = preSolution
		HideSolutionNode = FALSE
	EndGlobalSection
EndGlobal
