Microsoft Visual Studio Solution File, Format Version 8.00
Project("{8BC9CEB8-8B4A-11D0-8D11-00A0C91BC942}") = "LCCrypt", "LCCrypt.vcproj", "{9CB1335E-9BED-40B9-8AB5-351F607F6CE6}"
	ProjectSection(ProjectDependencies) = postProject
	EndProjectSection
EndProject
Global
	GlobalSection(SolutionConfiguration) = preSolution
		Debug = Debug
		Debug_MT = Debug_MT
		Release = Release
		Release_MT = Release_MT
	EndGlobalSection
	GlobalSection(ProjectConfiguration) = postSolution
		{9CB1335E-9BED-40B9-8AB5-351F607F6CE6}.Debug.ActiveCfg = Debug|Win32
		{9CB1335E-9BED-40B9-8AB5-351F607F6CE6}.Debug.Build.0 = Debug|Win32
		{9CB1335E-9BED-40B9-8AB5-351F607F6CE6}.Debug_MT.ActiveCfg = Debug_MT|Win32
		{9CB1335E-9BED-40B9-8AB5-351F607F6CE6}.Debug_MT.Build.0 = Debug_MT|Win32
		{9CB1335E-9BED-40B9-8AB5-351F607F6CE6}.Release.ActiveCfg = Release|Win32
		{9CB1335E-9BED-40B9-8AB5-351F607F6CE6}.Release.Build.0 = Release|Win32
		{9CB1335E-9BED-40B9-8AB5-351F607F6CE6}.Release_MT.ActiveCfg = Release_MT|Win32
		{9CB1335E-9BED-40B9-8AB5-351F607F6CE6}.Release_MT.Build.0 = Release_MT|Win32
	EndGlobalSection
	GlobalSection(ExtensibilityGlobals) = postSolution
	EndGlobalSection
	GlobalSection(ExtensibilityAddIns) = postSolution
	EndGlobalSection
EndGlobal
